// !$*UTF8*$!
{
	archiveVersion = 1;
	classes = {
	};
	objectVersion = 46;
	objects = {

/* Begin PBXBuildFile section */
		4800F2241817EEE200784F09 /* DBMemberDetailsVC.m in Sources */ = {isa = PBXBuildFile; fileRef = 4800F2231817EEE200784F09 /* DBMemberDetailsVC.m */; };
		4800F2261818754100784F09 /* temp_account.jpg in Resources */ = {isa = PBXBuildFile; fileRef = 4800F2251818754100784F09 /* temp_account.jpg */; };
		4800F2281818793D00784F09 /* moderator-50@2x.png in Resources */ = {isa = PBXBuildFile; fileRef = 4800F2271818793D00784F09 /* moderator-50@2x.png */; };
		4800F22A1818796D00784F09 /* credit_card-50@2x.png in Resources */ = {isa = PBXBuildFile; fileRef = 4800F2291818796D00784F09 /* credit_card-50@2x.png */; };
		4800F22C18187AA200784F09 /* group-50@2x.png in Resources */ = {isa = PBXBuildFile; fileRef = 4800F22B18187AA200784F09 /* group-50@2x.png */; };
		4800F22E1819287D00784F09 /* temp_party.jpg in Resources */ = {isa = PBXBuildFile; fileRef = 4800F22D1819287D00784F09 /* temp_party.jpg */; };
		4800F2371819D05600784F09 /* DBExpenseDetailsVC.m in Sources */ = {isa = PBXBuildFile; fileRef = 4800F2361819D05600784F09 /* DBExpenseDetailsVC.m */; };
		481CBE2E1816FD3700762821 /* test.json in Resources */ = {isa = PBXBuildFile; fileRef = 481CBE2D1816FD3700762821 /* test.json */; };
		481CBE311817066500762821 /* DBDocumentsManager.m in Sources */ = {isa = PBXBuildFile; fileRef = 481CBE301817066500762821 /* DBDocumentsManager.m */; };
		4833165617B040E000F43569 /* DBEventsVC.m in Sources */ = {isa = PBXBuildFile; fileRef = 4833165517B040E000F43569 /* DBEventsVC.m */; };
		4842630017B2ED4F00CFDA0F /* DBAddEventVC.m in Sources */ = {isa = PBXBuildFile; fileRef = 484262FF17B2ED4F00CFDA0F /* DBAddEventVC.m */; };
		4842630417B432C800CFDA0F /* DBSelectEventVC.m in Sources */ = {isa = PBXBuildFile; fileRef = 4842630317B432C800CFDA0F /* DBSelectEventVC.m */; };
		4853DB8E18BA978A00D6F14D /* ShariClientTests.m in Sources */ = {isa = PBXBuildFile; fileRef = 4853DB8D18BA978A00D6F14D /* ShariClientTests.m */; };
		4853DC4118BD310700D6F14D /* ShariUserTests.m in Sources */ = {isa = PBXBuildFile; fileRef = 4853DC4018BD310700D6F14D /* ShariUserTests.m */; };
		4858CF7D1817CA2100862B33 /* ShariExpense.m in Sources */ = {isa = PBXBuildFile; fileRef = 4858CF7C1817CA2100862B33 /* ShariExpense.m */; };
		4858CF7F1817CB0E00862B33 /* ShariExpense.json in Resources */ = {isa = PBXBuildFile; fileRef = 4858CF7E1817CB0E00862B33 /* ShariExpense.json */; };
		4858CF811817CB7200862B33 /* ShariSocial.json in Resources */ = {isa = PBXBuildFile; fileRef = 4858CF801817CB7200862B33 /* ShariSocial.json */; };
		485F072A1891C028003F37B0 /* DBAddMembersVC.m in Sources */ = {isa = PBXBuildFile; fileRef = 485F07291891C028003F37B0 /* DBAddMembersVC.m */; };
		4878380518B78BA200EC6E26 /* DBAddPayersVC.m in Sources */ = {isa = PBXBuildFile; fileRef = 4878380418B78BA200EC6E26 /* DBAddPayersVC.m */; };
		489E3CEE187F71A30067AF39 /* DBAddExpenseVC.m in Sources */ = {isa = PBXBuildFile; fileRef = 489E3CED187F71A30067AF39 /* DBAddExpenseVC.m */; };
		48A0CF9217A83C1900B819E5 /* UIKit.framework in Frameworks */ = {isa = PBXBuildFile; fileRef = 48A0CF9117A83C1900B819E5 /* UIKit.framework */; };
		48A0CF9417A83C1900B819E5 /* Foundation.framework in Frameworks */ = {isa = PBXBuildFile; fileRef = 48A0CF9317A83C1900B819E5 /* Foundation.framework */; };
		48A0CF9617A83C1900B819E5 /* CoreGraphics.framework in Frameworks */ = {isa = PBXBuildFile; fileRef = 48A0CF9517A83C1900B819E5 /* CoreGraphics.framework */; };
		48A0CF9C17A83C1A00B819E5 /* InfoPlist.strings in Resources */ = {isa = PBXBuildFile; fileRef = 48A0CF9A17A83C1A00B819E5 /* InfoPlist.strings */; };
		48A0CF9E17A83C1A00B819E5 /* main.m in Sources */ = {isa = PBXBuildFile; fileRef = 48A0CF9D17A83C1A00B819E5 /* main.m */; };
		48A0CFA217A83C1A00B819E5 /* DBAppDelegate.m in Sources */ = {isa = PBXBuildFile; fileRef = 48A0CFA117A83C1A00B819E5 /* DBAppDelegate.m */; };
		48A0CFA417A83C1A00B819E5 /* Default.png in Resources */ = {isa = PBXBuildFile; fileRef = 48A0CFA317A83C1A00B819E5 /* Default.png */; };
		48A0CFA617A83C1A00B819E5 /* Default@2x.png in Resources */ = {isa = PBXBuildFile; fileRef = 48A0CFA517A83C1A00B819E5 /* Default@2x.png */; };
		48A0CFA817A83C1A00B819E5 /* Default-568h@2x.png in Resources */ = {isa = PBXBuildFile; fileRef = 48A0CFA717A83C1A00B819E5 /* Default-568h@2x.png */; };
		48A0CFAB17A83C1A00B819E5 /* MainStoryboard_iPhone.storyboard in Resources */ = {isa = PBXBuildFile; fileRef = 48A0CFA917A83C1A00B819E5 /* MainStoryboard_iPhone.storyboard */; };
		48A0D07817A9A08E00B819E5 /* ShariUser.m in Sources */ = {isa = PBXBuildFile; fileRef = 48A0D07717A9A08E00B819E5 /* ShariUser.m */; };
		48A0D07B17A9A94800B819E5 /* ShariSocialProfile.m in Sources */ = {isa = PBXBuildFile; fileRef = 48A0D07A17A9A94700B819E5 /* ShariSocialProfile.m */; };
		48A0D08817A9AAE200B819E5 /* ShariHTTPClient.m in Sources */ = {isa = PBXBuildFile; fileRef = 48A0D08717A9AAE100B819E5 /* ShariHTTPClient.m */; };
		48A0D08C17AA482000B819E5 /* VKAccessManager.m in Sources */ = {isa = PBXBuildFile; fileRef = 48A0D08B17AA481F00B819E5 /* VKAccessManager.m */; };
		48A0D08F17AA517700B819E5 /* VKAccessToken.m in Sources */ = {isa = PBXBuildFile; fileRef = 48A0D08E17AA517700B819E5 /* VKAccessToken.m */; };
		48B15DE718D5A53200B5895F /* DBExpenseDebtorsVC.m in Sources */ = {isa = PBXBuildFile; fileRef = 48B15DE618D5A53200B5895F /* DBExpenseDebtorsVC.m */; };
		48BE753517AAEDFB00CD277F /* CFNetwork.framework in Frameworks */ = {isa = PBXBuildFile; fileRef = 48BE753417AAEDFB00CD277F /* CFNetwork.framework */; };
		48BE753717AAEE0A00CD277F /* Security.framework in Frameworks */ = {isa = PBXBuildFile; fileRef = 48BE753617AAEE0A00CD277F /* Security.framework */; };
		48BE753917AAEF2000CD277F /* MobileCoreServices.framework in Frameworks */ = {isa = PBXBuildFile; fileRef = 48BE753817AAEF2000CD277F /* MobileCoreServices.framework */; };
		48BE753B17AAEF2700CD277F /* SystemConfiguration.framework in Frameworks */ = {isa = PBXBuildFile; fileRef = 48BE753A17AAEF2600CD277F /* SystemConfiguration.framework */; };
		48BFE55D182059480038CFA7 /* XCTest.framework in Frameworks */ = {isa = PBXBuildFile; fileRef = 48BFE55C182059480038CFA7 /* XCTest.framework */; };
		48BFE55E182059480038CFA7 /* Foundation.framework in Frameworks */ = {isa = PBXBuildFile; fileRef = 48A0CF9317A83C1900B819E5 /* Foundation.framework */; };
		48BFE55F182059480038CFA7 /* UIKit.framework in Frameworks */ = {isa = PBXBuildFile; fileRef = 48A0CF9117A83C1900B819E5 /* UIKit.framework */; };
		48BFE565182059480038CFA7 /* InfoPlist.strings in Resources */ = {isa = PBXBuildFile; fileRef = 48BFE563182059480038CFA7 /* InfoPlist.strings */; };
		48BFE56F182061130038CFA7 /* VKAccessTokenTests.m in Sources */ = {isa = PBXBuildFile; fileRef = 48BFE56E182061130038CFA7 /* VKAccessTokenTests.m */; };
		48C5E24217B7A98800B088A1 /* ShariObject.m in Sources */ = {isa = PBXBuildFile; fileRef = 48C5E24117B7A98800B088A1 /* ShariObject.m */; };
		48CBDC1118146EAD00241BF8 /* DBEventVC.m in Sources */ = {isa = PBXBuildFile; fileRef = 48CBDC1018146EAD00241BF8 /* DBEventVC.m */; };
		48CBDC141814713500241BF8 /* DBEventInformationVC.m in Sources */ = {isa = PBXBuildFile; fileRef = 48CBDC131814713500241BF8 /* DBEventInformationVC.m */; };
		48D6AD6718D458DB006A79BD /* ShariAPI.m in Sources */ = {isa = PBXBuildFile; fileRef = 48D6AD6618D458DB006A79BD /* ShariAPI.m */; };
		48D6AD6A18D45D7A006A79BD /* ShariError.m in Sources */ = {isa = PBXBuildFile; fileRef = 48D6AD6918D45D7A006A79BD /* ShariError.m */; };
		48D6AD9118D48439006A79BD /* AFHTTPRequestOperation.m in Sources */ = {isa = PBXBuildFile; fileRef = 48D6AD6D18D48439006A79BD /* AFHTTPRequestOperation.m */; };
		48D6AD9218D48439006A79BD /* AFHTTPRequestOperationManager.m in Sources */ = {isa = PBXBuildFile; fileRef = 48D6AD6F18D48439006A79BD /* AFHTTPRequestOperationManager.m */; };
		48D6AD9318D48439006A79BD /* AFHTTPSessionManager.m in Sources */ = {isa = PBXBuildFile; fileRef = 48D6AD7118D48439006A79BD /* AFHTTPSessionManager.m */; };
		48D6AD9418D48439006A79BD /* AFNetworkReachabilityManager.m in Sources */ = {isa = PBXBuildFile; fileRef = 48D6AD7418D48439006A79BD /* AFNetworkReachabilityManager.m */; };
		48D6AD9518D48439006A79BD /* AFSecurityPolicy.m in Sources */ = {isa = PBXBuildFile; fileRef = 48D6AD7618D48439006A79BD /* AFSecurityPolicy.m */; };
		48D6AD9618D48439006A79BD /* AFURLConnectionOperation.m in Sources */ = {isa = PBXBuildFile; fileRef = 48D6AD7818D48439006A79BD /* AFURLConnectionOperation.m */; };
		48D6AD9718D48439006A79BD /* AFURLRequestSerialization.m in Sources */ = {isa = PBXBuildFile; fileRef = 48D6AD7A18D48439006A79BD /* AFURLRequestSerialization.m */; };
		48D6AD9818D48439006A79BD /* AFURLResponseSerialization.m in Sources */ = {isa = PBXBuildFile; fileRef = 48D6AD7C18D48439006A79BD /* AFURLResponseSerialization.m */; };
		48D6AD9918D48439006A79BD /* AFURLSessionManager.m in Sources */ = {isa = PBXBuildFile; fileRef = 48D6AD7E18D48439006A79BD /* AFURLSessionManager.m */; };
		48D6AD9A18D48439006A79BD /* AFNetworkActivityIndicatorManager.m in Sources */ = {isa = PBXBuildFile; fileRef = 48D6AD8118D48439006A79BD /* AFNetworkActivityIndicatorManager.m */; };
		48D6AD9B18D48439006A79BD /* UIActivityIndicatorView+AFNetworking.m in Sources */ = {isa = PBXBuildFile; fileRef = 48D6AD8318D48439006A79BD /* UIActivityIndicatorView+AFNetworking.m */; };
		48D6AD9C18D48439006A79BD /* UIAlertView+AFNetworking.m in Sources */ = {isa = PBXBuildFile; fileRef = 48D6AD8518D48439006A79BD /* UIAlertView+AFNetworking.m */; };
		48D6AD9D18D48439006A79BD /* UIButton+AFNetworking.m in Sources */ = {isa = PBXBuildFile; fileRef = 48D6AD8718D48439006A79BD /* UIButton+AFNetworking.m */; };
		48D6AD9E18D48439006A79BD /* UIImageView+AFNetworking.m in Sources */ = {isa = PBXBuildFile; fileRef = 48D6AD8918D48439006A79BD /* UIImageView+AFNetworking.m */; };
		48D6AD9F18D48439006A79BD /* UIProgressView+AFNetworking.m in Sources */ = {isa = PBXBuildFile; fileRef = 48D6AD8C18D48439006A79BD /* UIProgressView+AFNetworking.m */; };
		48D6ADA018D48439006A79BD /* UIRefreshControl+AFNetworking.m in Sources */ = {isa = PBXBuildFile; fileRef = 48D6AD8E18D48439006A79BD /* UIRefreshControl+AFNetworking.m */; };
		48D6ADA118D48439006A79BD /* UIWebView+AFNetworking.m in Sources */ = {isa = PBXBuildFile; fileRef = 48D6AD9018D48439006A79BD /* UIWebView+AFNetworking.m */; };
		48DF5BE317B1A36200D11E0C /* ShariEvent.m in Sources */ = {isa = PBXBuildFile; fileRef = 48DF5BE217B1A36200D11E0C /* ShariEvent.m */; };
/* End PBXBuildFile section */

/* Begin PBXContainerItemProxy section */
		48BFE569182059480038CFA7 /* PBXContainerItemProxy */ = {
			isa = PBXContainerItemProxy;
			containerPortal = 48A0CF8617A83C1900B819E5 /* Project object */;
			proxyType = 1;
			remoteGlobalIDString = 48A0CF8D17A83C1900B819E5;
			remoteInfo = "Sharinator-iPhone";
		};
/* End PBXContainerItemProxy section */

/* Begin PBXFileReference section */
		4800F2221817EEE200784F09 /* DBMemberDetailsVC.h */ = {isa = PBXFileReference; fileEncoding = 4; lastKnownFileType = sourcecode.c.h; path = DBMemberDetailsVC.h; sourceTree = "<group>"; };
		4800F2231817EEE200784F09 /* DBMemberDetailsVC.m */ = {isa = PBXFileReference; fileEncoding = 4; lastKnownFileType = sourcecode.c.objc; path = DBMemberDetailsVC.m; sourceTree = "<group>"; };
		4800F2251818754100784F09 /* temp_account.jpg */ = {isa = PBXFileReference; lastKnownFileType = image.jpeg; path = temp_account.jpg; sourceTree = "<group>"; };
		4800F2271818793D00784F09 /* moderator-50@2x.png */ = {isa = PBXFileReference; lastKnownFileType = image.png; path = "moderator-50@2x.png"; sourceTree = "<group>"; };
		4800F2291818796D00784F09 /* credit_card-50@2x.png */ = {isa = PBXFileReference; lastKnownFileType = image.png; path = "credit_card-50@2x.png"; sourceTree = "<group>"; };
		4800F22B18187AA200784F09 /* group-50@2x.png */ = {isa = PBXFileReference; lastKnownFileType = image.png; path = "group-50@2x.png"; sourceTree = "<group>"; };
		4800F22D1819287D00784F09 /* temp_party.jpg */ = {isa = PBXFileReference; lastKnownFileType = image.jpeg; path = temp_party.jpg; sourceTree = "<group>"; };
		4800F2351819D05600784F09 /* DBExpenseDetailsVC.h */ = {isa = PBXFileReference; fileEncoding = 4; lastKnownFileType = sourcecode.c.h; path = DBExpenseDetailsVC.h; sourceTree = "<group>"; };
		4800F2361819D05600784F09 /* DBExpenseDetailsVC.m */ = {isa = PBXFileReference; fileEncoding = 4; lastKnownFileType = sourcecode.c.objc; path = DBExpenseDetailsVC.m; sourceTree = "<group>"; };
		481CBE2D1816FD3700762821 /* test.json */ = {isa = PBXFileReference; fileEncoding = 4; lastKnownFileType = text.json; path = test.json; sourceTree = "<group>"; };
		481CBE2F1817066500762821 /* DBDocumentsManager.h */ = {isa = PBXFileReference; fileEncoding = 4; lastKnownFileType = sourcecode.c.h; path = DBDocumentsManager.h; sourceTree = "<group>"; };
		481CBE301817066500762821 /* DBDocumentsManager.m */ = {isa = PBXFileReference; fileEncoding = 4; lastKnownFileType = sourcecode.c.objc; path = DBDocumentsManager.m; sourceTree = "<group>"; };
		4833165417B040E000F43569 /* DBEventsVC.h */ = {isa = PBXFileReference; fileEncoding = 4; lastKnownFileType = sourcecode.c.h; path = DBEventsVC.h; sourceTree = "<group>"; };
		4833165517B040E000F43569 /* DBEventsVC.m */ = {isa = PBXFileReference; fileEncoding = 4; lastKnownFileType = sourcecode.c.objc; path = DBEventsVC.m; sourceTree = "<group>"; };
		484262FE17B2ED4F00CFDA0F /* DBAddEventVC.h */ = {isa = PBXFileReference; fileEncoding = 4; lastKnownFileType = sourcecode.c.h; path = DBAddEventVC.h; sourceTree = "<group>"; };
		484262FF17B2ED4F00CFDA0F /* DBAddEventVC.m */ = {isa = PBXFileReference; fileEncoding = 4; lastKnownFileType = sourcecode.c.objc; path = DBAddEventVC.m; sourceTree = "<group>"; };
		4842630217B432C800CFDA0F /* DBSelectEventVC.h */ = {isa = PBXFileReference; fileEncoding = 4; lastKnownFileType = sourcecode.c.h; path = DBSelectEventVC.h; sourceTree = "<group>"; };
		4842630317B432C800CFDA0F /* DBSelectEventVC.m */ = {isa = PBXFileReference; fileEncoding = 4; lastKnownFileType = sourcecode.c.objc; path = DBSelectEventVC.m; sourceTree = "<group>"; };
		4853DB8D18BA978A00D6F14D /* ShariClientTests.m */ = {isa = PBXFileReference; fileEncoding = 4; lastKnownFileType = sourcecode.c.objc; path = ShariClientTests.m; sourceTree = "<group>"; };
		4853DC4018BD310700D6F14D /* ShariUserTests.m */ = {isa = PBXFileReference; fileEncoding = 4; lastKnownFileType = sourcecode.c.objc; path = ShariUserTests.m; sourceTree = "<group>"; };
		4858CF7B1817CA2100862B33 /* ShariExpense.h */ = {isa = PBXFileReference; fileEncoding = 4; lastKnownFileType = sourcecode.c.h; path = ShariExpense.h; sourceTree = "<group>"; };
		4858CF7C1817CA2100862B33 /* ShariExpense.m */ = {isa = PBXFileReference; fileEncoding = 4; lastKnownFileType = sourcecode.c.objc; path = ShariExpense.m; sourceTree = "<group>"; };
		4858CF7E1817CB0E00862B33 /* ShariExpense.json */ = {isa = PBXFileReference; fileEncoding = 4; lastKnownFileType = text.json; path = ShariExpense.json; sourceTree = "<group>"; };
		4858CF801817CB7200862B33 /* ShariSocial.json */ = {isa = PBXFileReference; fileEncoding = 4; lastKnownFileType = text.json; path = ShariSocial.json; sourceTree = "<group>"; };
		485F07281891C028003F37B0 /* DBAddMembersVC.h */ = {isa = PBXFileReference; fileEncoding = 4; lastKnownFileType = sourcecode.c.h; path = DBAddMembersVC.h; sourceTree = "<group>"; };
		485F07291891C028003F37B0 /* DBAddMembersVC.m */ = {isa = PBXFileReference; fileEncoding = 4; lastKnownFileType = sourcecode.c.objc; path = DBAddMembersVC.m; sourceTree = "<group>"; };
		4878380318B78BA200EC6E26 /* DBAddPayersVC.h */ = {isa = PBXFileReference; fileEncoding = 4; lastKnownFileType = sourcecode.c.h; path = DBAddPayersVC.h; sourceTree = "<group>"; };
		4878380418B78BA200EC6E26 /* DBAddPayersVC.m */ = {isa = PBXFileReference; fileEncoding = 4; lastKnownFileType = sourcecode.c.objc; path = DBAddPayersVC.m; sourceTree = "<group>"; };
		4878380618B78BFD00EC6E26 /* ShariHeaders.h */ = {isa = PBXFileReference; lastKnownFileType = sourcecode.c.h; path = ShariHeaders.h; sourceTree = "<group>"; };
		489E3CEC187F71A30067AF39 /* DBAddExpenseVC.h */ = {isa = PBXFileReference; fileEncoding = 4; lastKnownFileType = sourcecode.c.h; path = DBAddExpenseVC.h; sourceTree = "<group>"; };
		489E3CED187F71A30067AF39 /* DBAddExpenseVC.m */ = {isa = PBXFileReference; fileEncoding = 4; lastKnownFileType = sourcecode.c.objc; path = DBAddExpenseVC.m; sourceTree = "<group>"; };
		48A0CF8E17A83C1900B819E5 /* Sharinator-iPhone.app */ = {isa = PBXFileReference; explicitFileType = wrapper.application; includeInIndex = 0; path = "Sharinator-iPhone.app"; sourceTree = BUILT_PRODUCTS_DIR; };
		48A0CF9117A83C1900B819E5 /* UIKit.framework */ = {isa = PBXFileReference; lastKnownFileType = wrapper.framework; name = UIKit.framework; path = System/Library/Frameworks/UIKit.framework; sourceTree = SDKROOT; };
		48A0CF9317A83C1900B819E5 /* Foundation.framework */ = {isa = PBXFileReference; lastKnownFileType = wrapper.framework; name = Foundation.framework; path = System/Library/Frameworks/Foundation.framework; sourceTree = SDKROOT; };
		48A0CF9517A83C1900B819E5 /* CoreGraphics.framework */ = {isa = PBXFileReference; lastKnownFileType = wrapper.framework; name = CoreGraphics.framework; path = System/Library/Frameworks/CoreGraphics.framework; sourceTree = SDKROOT; };
		48A0CF9917A83C1A00B819E5 /* Sharinator-iPhone-Info.plist */ = {isa = PBXFileReference; lastKnownFileType = text.plist.xml; path = "Sharinator-iPhone-Info.plist"; sourceTree = "<group>"; };
		48A0CF9B17A83C1A00B819E5 /* en */ = {isa = PBXFileReference; lastKnownFileType = text.plist.strings; name = en; path = en.lproj/InfoPlist.strings; sourceTree = "<group>"; };
		48A0CF9D17A83C1A00B819E5 /* main.m */ = {isa = PBXFileReference; lastKnownFileType = sourcecode.c.objc; path = main.m; sourceTree = "<group>"; };
		48A0CF9F17A83C1A00B819E5 /* Sharinator-iPhone-Prefix.pch */ = {isa = PBXFileReference; lastKnownFileType = sourcecode.c.h; path = "Sharinator-iPhone-Prefix.pch"; sourceTree = "<group>"; };
		48A0CFA017A83C1A00B819E5 /* DBAppDelegate.h */ = {isa = PBXFileReference; lastKnownFileType = sourcecode.c.h; path = DBAppDelegate.h; sourceTree = "<group>"; };
		48A0CFA117A83C1A00B819E5 /* DBAppDelegate.m */ = {isa = PBXFileReference; lastKnownFileType = sourcecode.c.objc; path = DBAppDelegate.m; sourceTree = "<group>"; };
		48A0CFA317A83C1A00B819E5 /* Default.png */ = {isa = PBXFileReference; lastKnownFileType = image.png; path = Default.png; sourceTree = "<group>"; };
		48A0CFA517A83C1A00B819E5 /* Default@2x.png */ = {isa = PBXFileReference; lastKnownFileType = image.png; path = "Default@2x.png"; sourceTree = "<group>"; };
		48A0CFA717A83C1A00B819E5 /* Default-568h@2x.png */ = {isa = PBXFileReference; lastKnownFileType = image.png; path = "Default-568h@2x.png"; sourceTree = "<group>"; };
		48A0CFB817A83C1A00B819E5 /* SenTestingKit.framework */ = {isa = PBXFileReference; lastKnownFileType = wrapper.framework; name = SenTestingKit.framework; path = Library/Frameworks/SenTestingKit.framework; sourceTree = DEVELOPER_DIR; };
		48A0D07617A9A08E00B819E5 /* ShariUser.h */ = {isa = PBXFileReference; fileEncoding = 4; lastKnownFileType = sourcecode.c.h; path = ShariUser.h; sourceTree = "<group>"; };
		48A0D07717A9A08E00B819E5 /* ShariUser.m */ = {isa = PBXFileReference; fileEncoding = 4; lastKnownFileType = sourcecode.c.objc; path = ShariUser.m; sourceTree = "<group>"; };
		48A0D07917A9A94700B819E5 /* ShariSocialProfile.h */ = {isa = PBXFileReference; fileEncoding = 4; lastKnownFileType = sourcecode.c.h; path = ShariSocialProfile.h; sourceTree = "<group>"; };
		48A0D07A17A9A94700B819E5 /* ShariSocialProfile.m */ = {isa = PBXFileReference; fileEncoding = 4; lastKnownFileType = sourcecode.c.objc; path = ShariSocialProfile.m; sourceTree = "<group>"; };
		48A0D08617A9AAE100B819E5 /* ShariHTTPClient.h */ = {isa = PBXFileReference; fileEncoding = 4; lastKnownFileType = sourcecode.c.h; path = ShariHTTPClient.h; sourceTree = "<group>"; };
		48A0D08717A9AAE100B819E5 /* ShariHTTPClient.m */ = {isa = PBXFileReference; fileEncoding = 4; lastKnownFileType = sourcecode.c.objc; path = ShariHTTPClient.m; sourceTree = "<group>"; };
		48A0D08A17AA481F00B819E5 /* VKAccessManager.h */ = {isa = PBXFileReference; fileEncoding = 4; lastKnownFileType = sourcecode.c.h; path = VKAccessManager.h; sourceTree = "<group>"; };
		48A0D08B17AA481F00B819E5 /* VKAccessManager.m */ = {isa = PBXFileReference; fileEncoding = 4; lastKnownFileType = sourcecode.c.objc; path = VKAccessManager.m; sourceTree = "<group>"; };
		48A0D08D17AA517700B819E5 /* VKAccessToken.h */ = {isa = PBXFileReference; fileEncoding = 4; lastKnownFileType = sourcecode.c.h; path = VKAccessToken.h; sourceTree = "<group>"; };
		48A0D08E17AA517700B819E5 /* VKAccessToken.m */ = {isa = PBXFileReference; fileEncoding = 4; lastKnownFileType = sourcecode.c.objc; path = VKAccessToken.m; sourceTree = "<group>"; };
		48A7E2E717BBCCFA008EEF8F /* Base */ = {isa = PBXFileReference; lastKnownFileType = file.storyboard; name = Base; path = Base.lproj/MainStoryboard_iPhone.storyboard; sourceTree = "<group>"; };
		48B15DE518D5A53200B5895F /* DBExpenseDebtorsVC.h */ = {isa = PBXFileReference; fileEncoding = 4; lastKnownFileType = sourcecode.c.h; path = DBExpenseDebtorsVC.h; sourceTree = "<group>"; };
		48B15DE618D5A53200B5895F /* DBExpenseDebtorsVC.m */ = {isa = PBXFileReference; fileEncoding = 4; lastKnownFileType = sourcecode.c.objc; path = DBExpenseDebtorsVC.m; sourceTree = "<group>"; };
		48BE753417AAEDFB00CD277F /* CFNetwork.framework */ = {isa = PBXFileReference; lastKnownFileType = wrapper.framework; name = CFNetwork.framework; path = System/Library/Frameworks/CFNetwork.framework; sourceTree = SDKROOT; };
		48BE753617AAEE0A00CD277F /* Security.framework */ = {isa = PBXFileReference; lastKnownFileType = wrapper.framework; name = Security.framework; path = System/Library/Frameworks/Security.framework; sourceTree = SDKROOT; };
		48BE753817AAEF2000CD277F /* MobileCoreServices.framework */ = {isa = PBXFileReference; lastKnownFileType = wrapper.framework; name = MobileCoreServices.framework; path = System/Library/Frameworks/MobileCoreServices.framework; sourceTree = SDKROOT; };
		48BE753A17AAEF2600CD277F /* SystemConfiguration.framework */ = {isa = PBXFileReference; lastKnownFileType = wrapper.framework; name = SystemConfiguration.framework; path = System/Library/Frameworks/SystemConfiguration.framework; sourceTree = SDKROOT; };
		48BFE55B182059480038CFA7 /* Sharinator-iPhone Tests.xctest */ = {isa = PBXFileReference; explicitFileType = wrapper.cfbundle; includeInIndex = 0; path = "Sharinator-iPhone Tests.xctest"; sourceTree = BUILT_PRODUCTS_DIR; };
		48BFE55C182059480038CFA7 /* XCTest.framework */ = {isa = PBXFileReference; lastKnownFileType = wrapper.framework; name = XCTest.framework; path = Library/Frameworks/XCTest.framework; sourceTree = DEVELOPER_DIR; };
		48BFE562182059480038CFA7 /* Sharinator-iPhone Tests-Info.plist */ = {isa = PBXFileReference; lastKnownFileType = text.plist.xml; path = "Sharinator-iPhone Tests-Info.plist"; sourceTree = "<group>"; };
		48BFE564182059480038CFA7 /* en */ = {isa = PBXFileReference; lastKnownFileType = text.plist.strings; name = en; path = en.lproj/InfoPlist.strings; sourceTree = "<group>"; };
		48BFE568182059480038CFA7 /* Sharinator-iPhone Tests-Prefix.pch */ = {isa = PBXFileReference; lastKnownFileType = sourcecode.c.h; path = "Sharinator-iPhone Tests-Prefix.pch"; sourceTree = "<group>"; };
		48BFE56E182061130038CFA7 /* VKAccessTokenTests.m */ = {isa = PBXFileReference; fileEncoding = 4; lastKnownFileType = sourcecode.c.objc; path = VKAccessTokenTests.m; sourceTree = "<group>"; };
		48C5E24017B7A98700B088A1 /* ShariObject.h */ = {isa = PBXFileReference; fileEncoding = 4; lastKnownFileType = sourcecode.c.h; path = ShariObject.h; sourceTree = "<group>"; };
		48C5E24117B7A98800B088A1 /* ShariObject.m */ = {isa = PBXFileReference; fileEncoding = 4; lastKnownFileType = sourcecode.c.objc; path = ShariObject.m; sourceTree = "<group>"; };
		48CBDC0F18146EAD00241BF8 /* DBEventVC.h */ = {isa = PBXFileReference; fileEncoding = 4; lastKnownFileType = sourcecode.c.h; path = DBEventVC.h; sourceTree = "<group>"; };
		48CBDC1018146EAD00241BF8 /* DBEventVC.m */ = {isa = PBXFileReference; fileEncoding = 4; lastKnownFileType = sourcecode.c.objc; path = DBEventVC.m; sourceTree = "<group>"; };
		48CBDC121814713500241BF8 /* DBEventInformationVC.h */ = {isa = PBXFileReference; fileEncoding = 4; lastKnownFileType = sourcecode.c.h; path = DBEventInformationVC.h; sourceTree = "<group>"; };
		48CBDC131814713500241BF8 /* DBEventInformationVC.m */ = {isa = PBXFileReference; fileEncoding = 4; lastKnownFileType = sourcecode.c.objc; path = DBEventInformationVC.m; sourceTree = "<group>"; };
		48D6AD6518D458DB006A79BD /* ShariAPI.h */ = {isa = PBXFileReference; fileEncoding = 4; lastKnownFileType = sourcecode.c.h; path = ShariAPI.h; sourceTree = "<group>"; };
		48D6AD6618D458DB006A79BD /* ShariAPI.m */ = {isa = PBXFileReference; fileEncoding = 4; lastKnownFileType = sourcecode.c.objc; path = ShariAPI.m; sourceTree = "<group>"; };
		48D6AD6818D45D7A006A79BD /* ShariError.h */ = {isa = PBXFileReference; fileEncoding = 4; lastKnownFileType = sourcecode.c.h; path = ShariError.h; sourceTree = "<group>"; };
		48D6AD6918D45D7A006A79BD /* ShariError.m */ = {isa = PBXFileReference; fileEncoding = 4; lastKnownFileType = sourcecode.c.objc; path = ShariError.m; sourceTree = "<group>"; };
		48D6AD6C18D48439006A79BD /* AFHTTPRequestOperation.h */ = {isa = PBXFileReference; fileEncoding = 4; lastKnownFileType = sourcecode.c.h; path = AFHTTPRequestOperation.h; sourceTree = "<group>"; };
		48D6AD6D18D48439006A79BD /* AFHTTPRequestOperation.m */ = {isa = PBXFileReference; fileEncoding = 4; lastKnownFileType = sourcecode.c.objc; path = AFHTTPRequestOperation.m; sourceTree = "<group>"; };
		48D6AD6E18D48439006A79BD /* AFHTTPRequestOperationManager.h */ = {isa = PBXFileReference; fileEncoding = 4; lastKnownFileType = sourcecode.c.h; path = AFHTTPRequestOperationManager.h; sourceTree = "<group>"; };
		48D6AD6F18D48439006A79BD /* AFHTTPRequestOperationManager.m */ = {isa = PBXFileReference; fileEncoding = 4; lastKnownFileType = sourcecode.c.objc; path = AFHTTPRequestOperationManager.m; sourceTree = "<group>"; };
		48D6AD7018D48439006A79BD /* AFHTTPSessionManager.h */ = {isa = PBXFileReference; fileEncoding = 4; lastKnownFileType = sourcecode.c.h; path = AFHTTPSessionManager.h; sourceTree = "<group>"; };
		48D6AD7118D48439006A79BD /* AFHTTPSessionManager.m */ = {isa = PBXFileReference; fileEncoding = 4; lastKnownFileType = sourcecode.c.objc; path = AFHTTPSessionManager.m; sourceTree = "<group>"; };
		48D6AD7218D48439006A79BD /* AFNetworking.h */ = {isa = PBXFileReference; fileEncoding = 4; lastKnownFileType = sourcecode.c.h; path = AFNetworking.h; sourceTree = "<group>"; };
		48D6AD7318D48439006A79BD /* AFNetworkReachabilityManager.h */ = {isa = PBXFileReference; fileEncoding = 4; lastKnownFileType = sourcecode.c.h; path = AFNetworkReachabilityManager.h; sourceTree = "<group>"; };
		48D6AD7418D48439006A79BD /* AFNetworkReachabilityManager.m */ = {isa = PBXFileReference; fileEncoding = 4; lastKnownFileType = sourcecode.c.objc; path = AFNetworkReachabilityManager.m; sourceTree = "<group>"; };
		48D6AD7518D48439006A79BD /* AFSecurityPolicy.h */ = {isa = PBXFileReference; fileEncoding = 4; lastKnownFileType = sourcecode.c.h; path = AFSecurityPolicy.h; sourceTree = "<group>"; };
		48D6AD7618D48439006A79BD /* AFSecurityPolicy.m */ = {isa = PBXFileReference; fileEncoding = 4; lastKnownFileType = sourcecode.c.objc; path = AFSecurityPolicy.m; sourceTree = "<group>"; };
		48D6AD7718D48439006A79BD /* AFURLConnectionOperation.h */ = {isa = PBXFileReference; fileEncoding = 4; lastKnownFileType = sourcecode.c.h; path = AFURLConnectionOperation.h; sourceTree = "<group>"; };
		48D6AD7818D48439006A79BD /* AFURLConnectionOperation.m */ = {isa = PBXFileReference; fileEncoding = 4; lastKnownFileType = sourcecode.c.objc; path = AFURLConnectionOperation.m; sourceTree = "<group>"; };
		48D6AD7918D48439006A79BD /* AFURLRequestSerialization.h */ = {isa = PBXFileReference; fileEncoding = 4; lastKnownFileType = sourcecode.c.h; path = AFURLRequestSerialization.h; sourceTree = "<group>"; };
		48D6AD7A18D48439006A79BD /* AFURLRequestSerialization.m */ = {isa = PBXFileReference; fileEncoding = 4; lastKnownFileType = sourcecode.c.objc; path = AFURLRequestSerialization.m; sourceTree = "<group>"; };
		48D6AD7B18D48439006A79BD /* AFURLResponseSerialization.h */ = {isa = PBXFileReference; fileEncoding = 4; lastKnownFileType = sourcecode.c.h; path = AFURLResponseSerialization.h; sourceTree = "<group>"; };
		48D6AD7C18D48439006A79BD /* AFURLResponseSerialization.m */ = {isa = PBXFileReference; fileEncoding = 4; lastKnownFileType = sourcecode.c.objc; path = AFURLResponseSerialization.m; sourceTree = "<group>"; };
		48D6AD7D18D48439006A79BD /* AFURLSessionManager.h */ = {isa = PBXFileReference; fileEncoding = 4; lastKnownFileType = sourcecode.c.h; path = AFURLSessionManager.h; sourceTree = "<group>"; };
		48D6AD7E18D48439006A79BD /* AFURLSessionManager.m */ = {isa = PBXFileReference; fileEncoding = 4; lastKnownFileType = sourcecode.c.objc; path = AFURLSessionManager.m; sourceTree = "<group>"; };
		48D6AD8018D48439006A79BD /* AFNetworkActivityIndicatorManager.h */ = {isa = PBXFileReference; fileEncoding = 4; lastKnownFileType = sourcecode.c.h; path = AFNetworkActivityIndicatorManager.h; sourceTree = "<group>"; };
		48D6AD8118D48439006A79BD /* AFNetworkActivityIndicatorManager.m */ = {isa = PBXFileReference; fileEncoding = 4; lastKnownFileType = sourcecode.c.objc; path = AFNetworkActivityIndicatorManager.m; sourceTree = "<group>"; };
		48D6AD8218D48439006A79BD /* UIActivityIndicatorView+AFNetworking.h */ = {isa = PBXFileReference; fileEncoding = 4; lastKnownFileType = sourcecode.c.h; path = "UIActivityIndicatorView+AFNetworking.h"; sourceTree = "<group>"; };
		48D6AD8318D48439006A79BD /* UIActivityIndicatorView+AFNetworking.m */ = {isa = PBXFileReference; fileEncoding = 4; lastKnownFileType = sourcecode.c.objc; path = "UIActivityIndicatorView+AFNetworking.m"; sourceTree = "<group>"; };
		48D6AD8418D48439006A79BD /* UIAlertView+AFNetworking.h */ = {isa = PBXFileReference; fileEncoding = 4; lastKnownFileType = sourcecode.c.h; path = "UIAlertView+AFNetworking.h"; sourceTree = "<group>"; };
		48D6AD8518D48439006A79BD /* UIAlertView+AFNetworking.m */ = {isa = PBXFileReference; fileEncoding = 4; lastKnownFileType = sourcecode.c.objc; path = "UIAlertView+AFNetworking.m"; sourceTree = "<group>"; };
		48D6AD8618D48439006A79BD /* UIButton+AFNetworking.h */ = {isa = PBXFileReference; fileEncoding = 4; lastKnownFileType = sourcecode.c.h; path = "UIButton+AFNetworking.h"; sourceTree = "<group>"; };
		48D6AD8718D48439006A79BD /* UIButton+AFNetworking.m */ = {isa = PBXFileReference; fileEncoding = 4; lastKnownFileType = sourcecode.c.objc; path = "UIButton+AFNetworking.m"; sourceTree = "<group>"; };
		48D6AD8818D48439006A79BD /* UIImageView+AFNetworking.h */ = {isa = PBXFileReference; fileEncoding = 4; lastKnownFileType = sourcecode.c.h; path = "UIImageView+AFNetworking.h"; sourceTree = "<group>"; };
		48D6AD8918D48439006A79BD /* UIImageView+AFNetworking.m */ = {isa = PBXFileReference; fileEncoding = 4; lastKnownFileType = sourcecode.c.objc; path = "UIImageView+AFNetworking.m"; sourceTree = "<group>"; };
		48D6AD8A18D48439006A79BD /* UIKit+AFNetworking.h */ = {isa = PBXFileReference; fileEncoding = 4; lastKnownFileType = sourcecode.c.h; path = "UIKit+AFNetworking.h"; sourceTree = "<group>"; };
		48D6AD8B18D48439006A79BD /* UIProgressView+AFNetworking.h */ = {isa = PBXFileReference; fileEncoding = 4; lastKnownFileType = sourcecode.c.h; path = "UIProgressView+AFNetworking.h"; sourceTree = "<group>"; };
		48D6AD8C18D48439006A79BD /* UIProgressView+AFNetworking.m */ = {isa = PBXFileReference; fileEncoding = 4; lastKnownFileType = sourcecode.c.objc; path = "UIProgressView+AFNetworking.m"; sourceTree = "<group>"; };
		48D6AD8D18D48439006A79BD /* UIRefreshControl+AFNetworking.h */ = {isa = PBXFileReference; fileEncoding = 4; lastKnownFileType = sourcecode.c.h; path = "UIRefreshControl+AFNetworking.h"; sourceTree = "<group>"; };
		48D6AD8E18D48439006A79BD /* UIRefreshControl+AFNetworking.m */ = {isa = PBXFileReference; fileEncoding = 4; lastKnownFileType = sourcecode.c.objc; path = "UIRefreshControl+AFNetworking.m"; sourceTree = "<group>"; };
		48D6AD8F18D48439006A79BD /* UIWebView+AFNetworking.h */ = {isa = PBXFileReference; fileEncoding = 4; lastKnownFileType = sourcecode.c.h; path = "UIWebView+AFNetworking.h"; sourceTree = "<group>"; };
		48D6AD9018D48439006A79BD /* UIWebView+AFNetworking.m */ = {isa = PBXFileReference; fileEncoding = 4; lastKnownFileType = sourcecode.c.objc; path = "UIWebView+AFNetworking.m"; sourceTree = "<group>"; };
		48DF5BE117B1A36200D11E0C /* ShariEvent.h */ = {isa = PBXFileReference; fileEncoding = 4; lastKnownFileType = sourcecode.c.h; path = ShariEvent.h; sourceTree = "<group>"; };
		48DF5BE217B1A36200D11E0C /* ShariEvent.m */ = {isa = PBXFileReference; fileEncoding = 4; lastKnownFileType = sourcecode.c.objc; path = ShariEvent.m; sourceTree = "<group>"; };
/* End PBXFileReference section */

/* Begin PBXFrameworksBuildPhase section */
		48A0CF8B17A83C1900B819E5 /* Frameworks */ = {
			isa = PBXFrameworksBuildPhase;
			buildActionMask = 2147483647;
			files = (
				48BE753B17AAEF2700CD277F /* SystemConfiguration.framework in Frameworks */,
				48BE753917AAEF2000CD277F /* MobileCoreServices.framework in Frameworks */,
				48BE753717AAEE0A00CD277F /* Security.framework in Frameworks */,
				48BE753517AAEDFB00CD277F /* CFNetwork.framework in Frameworks */,
				48A0CF9217A83C1900B819E5 /* UIKit.framework in Frameworks */,
				48A0CF9417A83C1900B819E5 /* Foundation.framework in Frameworks */,
				48A0CF9617A83C1900B819E5 /* CoreGraphics.framework in Frameworks */,
			);
			runOnlyForDeploymentPostprocessing = 0;
		};
		48BFE558182059480038CFA7 /* Frameworks */ = {
			isa = PBXFrameworksBuildPhase;
			buildActionMask = 2147483647;
			files = (
				48BFE55D182059480038CFA7 /* XCTest.framework in Frameworks */,
				48BFE55F182059480038CFA7 /* UIKit.framework in Frameworks */,
				48BFE55E182059480038CFA7 /* Foundation.framework in Frameworks */,
			);
			runOnlyForDeploymentPostprocessing = 0;
		};
/* End PBXFrameworksBuildPhase section */

/* Begin PBXGroup section */
		485F071C188F04C8003F37B0 /* Events */ = {
			isa = PBXGroup;
			children = (
				4833165417B040E000F43569 /* DBEventsVC.h */,
				4833165517B040E000F43569 /* DBEventsVC.m */,
				484262FE17B2ED4F00CFDA0F /* DBAddEventVC.h */,
				484262FF17B2ED4F00CFDA0F /* DBAddEventVC.m */,
				48CBDC0F18146EAD00241BF8 /* DBEventVC.h */,
				48CBDC1018146EAD00241BF8 /* DBEventVC.m */,
				48CBDC121814713500241BF8 /* DBEventInformationVC.h */,
				48CBDC131814713500241BF8 /* DBEventInformationVC.m */,
				4842630217B432C800CFDA0F /* DBSelectEventVC.h */,
				4842630317B432C800CFDA0F /* DBSelectEventVC.m */,
			);
			name = Events;
			sourceTree = "<group>";
		};
		485F071D188F050E003F37B0 /* Expenses */ = {
			isa = PBXGroup;
			children = (
				4895E4FC18DB9F020058FDF0 /* ExpenseDetails */,
				489E3CEC187F71A30067AF39 /* DBAddExpenseVC.h */,
				489E3CED187F71A30067AF39 /* DBAddExpenseVC.m */,
				4878380318B78BA200EC6E26 /* DBAddPayersVC.h */,
				4878380418B78BA200EC6E26 /* DBAddPayersVC.m */,
			);
			name = Expenses;
			sourceTree = "<group>";
		};
		485F071E188F08EE003F37B0 /* Members */ = {
			isa = PBXGroup;
			children = (
				4800F2221817EEE200784F09 /* DBMemberDetailsVC.h */,
				4800F2231817EEE200784F09 /* DBMemberDetailsVC.m */,
				485F07281891C028003F37B0 /* DBAddMembersVC.h */,
				485F07291891C028003F37B0 /* DBAddMembersVC.m */,
			);
			name = Members;
			sourceTree = "<group>";
		};
		485F071F188F08FD003F37B0 /* View Controllers */ = {
			isa = PBXGroup;
			children = (
				485F071C188F04C8003F37B0 /* Events */,
				485F071D188F050E003F37B0 /* Expenses */,
				485F071E188F08EE003F37B0 /* Members */,
			);
			name = "View Controllers";
			sourceTree = "<group>";
		};
		485F0720188F0934003F37B0 /* Graphics */ = {
			isa = PBXGroup;
			children = (
				4800F22B18187AA200784F09 /* group-50@2x.png */,
				4800F2271818793D00784F09 /* moderator-50@2x.png */,
				4800F2291818796D00784F09 /* credit_card-50@2x.png */,
				4800F2251818754100784F09 /* temp_account.jpg */,
				4800F22D1819287D00784F09 /* temp_party.jpg */,
				48A0CFA317A83C1A00B819E5 /* Default.png */,
				48A0CFA517A83C1A00B819E5 /* Default@2x.png */,
				48A0CFA717A83C1A00B819E5 /* Default-568h@2x.png */,
			);
			name = Graphics;
			sourceTree = "<group>";
		};
		485F0721188F094E003F37B0 /* JSON */ = {
			isa = PBXGroup;
			children = (
				481CBE2D1816FD3700762821 /* test.json */,
				4858CF7E1817CB0E00862B33 /* ShariExpense.json */,
				4858CF801817CB7200862B33 /* ShariSocial.json */,
			);
			name = JSON;
			sourceTree = "<group>";
		};
		4895E4FC18DB9F020058FDF0 /* ExpenseDetails */ = {
			isa = PBXGroup;
			children = (
				4800F2351819D05600784F09 /* DBExpenseDetailsVC.h */,
				4800F2361819D05600784F09 /* DBExpenseDetailsVC.m */,
				48B15DE518D5A53200B5895F /* DBExpenseDebtorsVC.h */,
				48B15DE618D5A53200B5895F /* DBExpenseDebtorsVC.m */,
			);
			name = ExpenseDetails;
			sourceTree = "<group>";
		};
		48A0CF8517A83C1900B819E5 = {
			isa = PBXGroup;
			children = (
				48A0D07117A99F7400B819E5 /* 3rd Party */,
				48A0CF9717A83C1A00B819E5 /* Sharinator-iPhone */,
				48BFE560182059480038CFA7 /* Sharinator-iPhone Tests */,
				48A0CF9017A83C1900B819E5 /* Frameworks */,
				48A0CF8F17A83C1900B819E5 /* Products */,
			);
			sourceTree = "<group>";
		};
		48A0CF8F17A83C1900B819E5 /* Products */ = {
			isa = PBXGroup;
			children = (
				48A0CF8E17A83C1900B819E5 /* Sharinator-iPhone.app */,
				48BFE55B182059480038CFA7 /* Sharinator-iPhone Tests.xctest */,
			);
			name = Products;
			sourceTree = "<group>";
		};
		48A0CF9017A83C1900B819E5 /* Frameworks */ = {
			isa = PBXGroup;
			children = (
				48BE753817AAEF2000CD277F /* MobileCoreServices.framework */,
				48BE753A17AAEF2600CD277F /* SystemConfiguration.framework */,
				48BE753617AAEE0A00CD277F /* Security.framework */,
				48BE753417AAEDFB00CD277F /* CFNetwork.framework */,
				48A0CF9117A83C1900B819E5 /* UIKit.framework */,
				48A0CF9317A83C1900B819E5 /* Foundation.framework */,
				48A0CF9517A83C1900B819E5 /* CoreGraphics.framework */,
				48A0CFB817A83C1A00B819E5 /* SenTestingKit.framework */,
				48BFE55C182059480038CFA7 /* XCTest.framework */,
			);
			name = Frameworks;
			sourceTree = "<group>";
		};
		48A0CF9717A83C1A00B819E5 /* Sharinator-iPhone */ = {
			isa = PBXGroup;
			children = (
				481CBE2F1817066500762821 /* DBDocumentsManager.h */,
				481CBE301817066500762821 /* DBDocumentsManager.m */,
				48A0D08917AA47BD00B819E5 /* VK */,
				48A0D07C17A9AA3000B819E5 /* API */,
				48A0CFA017A83C1A00B819E5 /* DBAppDelegate.h */,
				48A0CFA117A83C1A00B819E5 /* DBAppDelegate.m */,
				48A0CFA917A83C1A00B819E5 /* MainStoryboard_iPhone.storyboard */,
				48A0CF9817A83C1A00B819E5 /* Supporting Files */,
				485F071F188F08FD003F37B0 /* View Controllers */,
			);
			path = "Sharinator-iPhone";
			sourceTree = "<group>";
		};
		48A0CF9817A83C1A00B819E5 /* Supporting Files */ = {
			isa = PBXGroup;
			children = (
				485F0721188F094E003F37B0 /* JSON */,
				485F0720188F0934003F37B0 /* Graphics */,
				48A0CF9917A83C1A00B819E5 /* Sharinator-iPhone-Info.plist */,
				48A0CF9A17A83C1A00B819E5 /* InfoPlist.strings */,
				48A0CF9D17A83C1A00B819E5 /* main.m */,
				48A0CF9F17A83C1A00B819E5 /* Sharinator-iPhone-Prefix.pch */,
			);
			name = "Supporting Files";
			sourceTree = "<group>";
		};
		48A0D07117A99F7400B819E5 /* 3rd Party */ = {
			isa = PBXGroup;
			children = (
				48D6ADA218D48460006A79BD /* AFNetworking */,
			);
			name = "3rd Party";
			sourceTree = "<group>";
		};
		48A0D07217A99FFF00B819E5 /* Value Objects */ = {
			isa = PBXGroup;
			children = (
				48A0D07617A9A08E00B819E5 /* ShariUser.h */,
				48A0D07717A9A08E00B819E5 /* ShariUser.m */,
				48A0D07917A9A94700B819E5 /* ShariSocialProfile.h */,
				48A0D07A17A9A94700B819E5 /* ShariSocialProfile.m */,
				48DF5BE117B1A36200D11E0C /* ShariEvent.h */,
				48DF5BE217B1A36200D11E0C /* ShariEvent.m */,
				48C5E24017B7A98700B088A1 /* ShariObject.h */,
				48C5E24117B7A98800B088A1 /* ShariObject.m */,
				4858CF7B1817CA2100862B33 /* ShariExpense.h */,
				4858CF7C1817CA2100862B33 /* ShariExpense.m */,
				48D6AD6818D45D7A006A79BD /* ShariError.h */,
				48D6AD6918D45D7A006A79BD /* ShariError.m */,
			);
			name = "Value Objects";
			sourceTree = "<group>";
		};
		48A0D07C17A9AA3000B819E5 /* API */ = {
			isa = PBXGroup;
			children = (
				48A0D07217A99FFF00B819E5 /* Value Objects */,
				48A0D08617A9AAE100B819E5 /* ShariHTTPClient.h */,
				48A0D08717A9AAE100B819E5 /* ShariHTTPClient.m */,
				4878380618B78BFD00EC6E26 /* ShariHeaders.h */,
				48D6AD6518D458DB006A79BD /* ShariAPI.h */,
				48D6AD6618D458DB006A79BD /* ShariAPI.m */,
			);
			name = API;
			sourceTree = "<group>";
		};
		48A0D08917AA47BD00B819E5 /* VK */ = {
			isa = PBXGroup;
			children = (
				48A0D08A17AA481F00B819E5 /* VKAccessManager.h */,
				48A0D08B17AA481F00B819E5 /* VKAccessManager.m */,
				48A0D08D17AA517700B819E5 /* VKAccessToken.h */,
				48A0D08E17AA517700B819E5 /* VKAccessToken.m */,
			);
			name = VK;
			sourceTree = "<group>";
		};
		48BFE560182059480038CFA7 /* Sharinator-iPhone Tests */ = {
			isa = PBXGroup;
			children = (
				48BFE561182059480038CFA7 /* Supporting Files */,
				48BFE56E182061130038CFA7 /* VKAccessTokenTests.m */,
				4853DB8D18BA978A00D6F14D /* ShariClientTests.m */,
				4853DC4018BD310700D6F14D /* ShariUserTests.m */,
			);
			path = "Sharinator-iPhone Tests";
			sourceTree = "<group>";
		};
		48BFE561182059480038CFA7 /* Supporting Files */ = {
			isa = PBXGroup;
			children = (
				48BFE562182059480038CFA7 /* Sharinator-iPhone Tests-Info.plist */,
				48BFE563182059480038CFA7 /* InfoPlist.strings */,
				48BFE568182059480038CFA7 /* Sharinator-iPhone Tests-Prefix.pch */,
			);
			name = "Supporting Files";
			sourceTree = "<group>";
		};
		48D6AD6B18D48439006A79BD /* AFNetworking */ = {
			isa = PBXGroup;
			children = (
				48D6AD6C18D48439006A79BD /* AFHTTPRequestOperation.h */,
				48D6AD6D18D48439006A79BD /* AFHTTPRequestOperation.m */,
				48D6AD6E18D48439006A79BD /* AFHTTPRequestOperationManager.h */,
				48D6AD6F18D48439006A79BD /* AFHTTPRequestOperationManager.m */,
				48D6AD7018D48439006A79BD /* AFHTTPSessionManager.h */,
				48D6AD7118D48439006A79BD /* AFHTTPSessionManager.m */,
				48D6AD7218D48439006A79BD /* AFNetworking.h */,
				48D6AD7318D48439006A79BD /* AFNetworkReachabilityManager.h */,
				48D6AD7418D48439006A79BD /* AFNetworkReachabilityManager.m */,
				48D6AD7518D48439006A79BD /* AFSecurityPolicy.h */,
				48D6AD7618D48439006A79BD /* AFSecurityPolicy.m */,
				48D6AD7718D48439006A79BD /* AFURLConnectionOperation.h */,
				48D6AD7818D48439006A79BD /* AFURLConnectionOperation.m */,
				48D6AD7918D48439006A79BD /* AFURLRequestSerialization.h */,
				48D6AD7A18D48439006A79BD /* AFURLRequestSerialization.m */,
				48D6AD7B18D48439006A79BD /* AFURLResponseSerialization.h */,
				48D6AD7C18D48439006A79BD /* AFURLResponseSerialization.m */,
				48D6AD7D18D48439006A79BD /* AFURLSessionManager.h */,
				48D6AD7E18D48439006A79BD /* AFURLSessionManager.m */,
			);
			path = AFNetworking;
			sourceTree = "<group>";
		};
		48D6AD7F18D48439006A79BD /* UIKit+AFNetworking */ = {
			isa = PBXGroup;
			children = (
				48D6AD8018D48439006A79BD /* AFNetworkActivityIndicatorManager.h */,
				48D6AD8118D48439006A79BD /* AFNetworkActivityIndicatorManager.m */,
				48D6AD8218D48439006A79BD /* UIActivityIndicatorView+AFNetworking.h */,
				48D6AD8318D48439006A79BD /* UIActivityIndicatorView+AFNetworking.m */,
				48D6AD8418D48439006A79BD /* UIAlertView+AFNetworking.h */,
				48D6AD8518D48439006A79BD /* UIAlertView+AFNetworking.m */,
				48D6AD8618D48439006A79BD /* UIButton+AFNetworking.h */,
				48D6AD8718D48439006A79BD /* UIButton+AFNetworking.m */,
				48D6AD8818D48439006A79BD /* UIImageView+AFNetworking.h */,
				48D6AD8918D48439006A79BD /* UIImageView+AFNetworking.m */,
				48D6AD8A18D48439006A79BD /* UIKit+AFNetworking.h */,
				48D6AD8B18D48439006A79BD /* UIProgressView+AFNetworking.h */,
				48D6AD8C18D48439006A79BD /* UIProgressView+AFNetworking.m */,
				48D6AD8D18D48439006A79BD /* UIRefreshControl+AFNetworking.h */,
				48D6AD8E18D48439006A79BD /* UIRefreshControl+AFNetworking.m */,
				48D6AD8F18D48439006A79BD /* UIWebView+AFNetworking.h */,
				48D6AD9018D48439006A79BD /* UIWebView+AFNetworking.m */,
			);
			path = "UIKit+AFNetworking";
			sourceTree = "<group>";
		};
		48D6ADA218D48460006A79BD /* AFNetworking */ = {
			isa = PBXGroup;
			children = (
				48D6AD7F18D48439006A79BD /* UIKit+AFNetworking */,
				48D6AD6B18D48439006A79BD /* AFNetworking */,
			);
			name = AFNetworking;
			sourceTree = "<group>";
		};
/* End PBXGroup section */

/* Begin PBXNativeTarget section */
		48A0CF8D17A83C1900B819E5 /* Sharinator-iPhone */ = {
			isa = PBXNativeTarget;
			buildConfigurationList = 48A0CFC917A83C1A00B819E5 /* Build configuration list for PBXNativeTarget "Sharinator-iPhone" */;
			buildPhases = (
				48A0CF8A17A83C1900B819E5 /* Sources */,
				48A0CF8B17A83C1900B819E5 /* Frameworks */,
				48A0CF8C17A83C1900B819E5 /* Resources */,
			);
			buildRules = (
			);
			dependencies = (
			);
			name = "Sharinator-iPhone";
			productName = "Sharinator-iPhone";
			productReference = 48A0CF8E17A83C1900B819E5 /* Sharinator-iPhone.app */;
			productType = "com.apple.product-type.application";
		};
		48BFE55A182059480038CFA7 /* Sharinator-iPhone Tests */ = {
			isa = PBXNativeTarget;
			buildConfigurationList = 48BFE56B182059480038CFA7 /* Build configuration list for PBXNativeTarget "Sharinator-iPhone Tests" */;
			buildPhases = (
				48BFE557182059480038CFA7 /* Sources */,
				48BFE558182059480038CFA7 /* Frameworks */,
				48BFE559182059480038CFA7 /* Resources */,
			);
			buildRules = (
			);
			dependencies = (
				48BFE56A182059480038CFA7 /* PBXTargetDependency */,
			);
			name = "Sharinator-iPhone Tests";
			productName = "Sharinator-iPhone Tests";
			productReference = 48BFE55B182059480038CFA7 /* Sharinator-iPhone Tests.xctest */;
			productType = "com.apple.product-type.bundle.unit-test";
		};
/* End PBXNativeTarget section */

/* Begin PBXProject section */
		48A0CF8617A83C1900B819E5 /* Project object */ = {
			isa = PBXProject;
			attributes = {
				CLASSPREFIX = DB;
				LastUpgradeCheck = 0500;
				ORGANIZATIONNAME = "Dmitry Burmistrov";
				TargetAttributes = {
					48BFE55A182059480038CFA7 = {
						TestTargetID = 48A0CF8D17A83C1900B819E5;
					};
				};
			};
			buildConfigurationList = 48A0CF8917A83C1900B819E5 /* Build configuration list for PBXProject "Sharinator-iPhone" */;
			compatibilityVersion = "Xcode 3.2";
			developmentRegion = English;
			hasScannedForEncodings = 0;
			knownRegions = (
				en,
				Base,
			);
			mainGroup = 48A0CF8517A83C1900B819E5;
			productRefGroup = 48A0CF8F17A83C1900B819E5 /* Products */;
			projectDirPath = "";
			projectRoot = "";
			targets = (
				48A0CF8D17A83C1900B819E5 /* Sharinator-iPhone */,
				48BFE55A182059480038CFA7 /* Sharinator-iPhone Tests */,
			);
		};
/* End PBXProject section */

/* Begin PBXResourcesBuildPhase section */
		48A0CF8C17A83C1900B819E5 /* Resources */ = {
			isa = PBXResourcesBuildPhase;
			buildActionMask = 2147483647;
			files = (
				48A0CF9C17A83C1A00B819E5 /* InfoPlist.strings in Resources */,
				48A0CFA417A83C1A00B819E5 /* Default.png in Resources */,
				48A0CFA617A83C1A00B819E5 /* Default@2x.png in Resources */,
				4800F22A1818796D00784F09 /* credit_card-50@2x.png in Resources */,
				48A0CFA817A83C1A00B819E5 /* Default-568h@2x.png in Resources */,
				48A0CFAB17A83C1A00B819E5 /* MainStoryboard_iPhone.storyboard in Resources */,
				4800F2261818754100784F09 /* temp_account.jpg in Resources */,
				4800F22E1819287D00784F09 /* temp_party.jpg in Resources */,
				481CBE2E1816FD3700762821 /* test.json in Resources */,
				4858CF811817CB7200862B33 /* ShariSocial.json in Resources */,
				4800F2281818793D00784F09 /* moderator-50@2x.png in Resources */,
				4800F22C18187AA200784F09 /* group-50@2x.png in Resources */,
				4858CF7F1817CB0E00862B33 /* ShariExpense.json in Resources */,
			);
			runOnlyForDeploymentPostprocessing = 0;
		};
		48BFE559182059480038CFA7 /* Resources */ = {
			isa = PBXResourcesBuildPhase;
			buildActionMask = 2147483647;
			files = (
				48BFE565182059480038CFA7 /* InfoPlist.strings in Resources */,
			);
			runOnlyForDeploymentPostprocessing = 0;
		};
/* End PBXResourcesBuildPhase section */

/* Begin PBXSourcesBuildPhase section */
		48A0CF8A17A83C1900B819E5 /* Sources */ = {
			isa = PBXSourcesBuildPhase;
			buildActionMask = 2147483647;
			files = (
				48D6AD9F18D48439006A79BD /* UIProgressView+AFNetworking.m in Sources */,
				48A0CF9E17A83C1A00B819E5 /* main.m in Sources */,
				48D6ADA018D48439006A79BD /* UIRefreshControl+AFNetworking.m in Sources */,
				48A0CFA217A83C1A00B819E5 /* DBAppDelegate.m in Sources */,
				481CBE311817066500762821 /* DBDocumentsManager.m in Sources */,
				4858CF7D1817CA2100862B33 /* ShariExpense.m in Sources */,
				48D6AD9C18D48439006A79BD /* UIAlertView+AFNetworking.m in Sources */,
				48D6AD9E18D48439006A79BD /* UIImageView+AFNetworking.m in Sources */,
				48D6AD9618D48439006A79BD /* AFURLConnectionOperation.m in Sources */,
				48D6AD9918D48439006A79BD /* AFURLSessionManager.m in Sources */,
				48D6AD9718D48439006A79BD /* AFURLRequestSerialization.m in Sources */,
				48D6AD9D18D48439006A79BD /* UIButton+AFNetworking.m in Sources */,
				48D6AD9518D48439006A79BD /* AFSecurityPolicy.m in Sources */,
				48D6AD6A18D45D7A006A79BD /* ShariError.m in Sources */,
				48D6AD9418D48439006A79BD /* AFNetworkReachabilityManager.m in Sources */,
				48B15DE718D5A53200B5895F /* DBExpenseDebtorsVC.m in Sources */,
				48D6AD9818D48439006A79BD /* AFURLResponseSerialization.m in Sources */,
				4800F2241817EEE200784F09 /* DBMemberDetailsVC.m in Sources */,
				48D6AD9318D48439006A79BD /* AFHTTPSessionManager.m in Sources */,
				48A0D07817A9A08E00B819E5 /* ShariUser.m in Sources */,
				48A0D07B17A9A94800B819E5 /* ShariSocialProfile.m in Sources */,
				48A0D08817A9AAE200B819E5 /* ShariHTTPClient.m in Sources */,
				4800F2371819D05600784F09 /* DBExpenseDetailsVC.m in Sources */,
				48D6AD9A18D48439006A79BD /* AFNetworkActivityIndicatorManager.m in Sources */,
				4878380518B78BA200EC6E26 /* DBAddPayersVC.m in Sources */,
				48D6AD6718D458DB006A79BD /* ShariAPI.m in Sources */,
				48D6AD9118D48439006A79BD /* AFHTTPRequestOperation.m in Sources */,
				48A0D08C17AA482000B819E5 /* VKAccessManager.m in Sources */,
				48A0D08F17AA517700B819E5 /* VKAccessToken.m in Sources */,
				4833165617B040E000F43569 /* DBEventsVC.m in Sources */,
				48D6ADA118D48439006A79BD /* UIWebView+AFNetworking.m in Sources */,
				48D6AD9B18D48439006A79BD /* UIActivityIndicatorView+AFNetworking.m in Sources */,
				48DF5BE317B1A36200D11E0C /* ShariEvent.m in Sources */,
				4842630017B2ED4F00CFDA0F /* DBAddEventVC.m in Sources */,
				48CBDC1118146EAD00241BF8 /* DBEventVC.m in Sources */,
				48CBDC141814713500241BF8 /* DBEventInformationVC.m in Sources */,
				4842630417B432C800CFDA0F /* DBSelectEventVC.m in Sources */,
				489E3CEE187F71A30067AF39 /* DBAddExpenseVC.m in Sources */,
				48C5E24217B7A98800B088A1 /* ShariObject.m in Sources */,
				48D6AD9218D48439006A79BD /* AFHTTPRequestOperationManager.m in Sources */,
				485F072A1891C028003F37B0 /* DBAddMembersVC.m in Sources */,
			);
			runOnlyForDeploymentPostprocessing = 0;
		};
		48BFE557182059480038CFA7 /* Sources */ = {
			isa = PBXSourcesBuildPhase;
			buildActionMask = 2147483647;
			files = (
				4853DB8E18BA978A00D6F14D /* ShariClientTests.m in Sources */,
				4853DC4118BD310700D6F14D /* ShariUserTests.m in Sources */,
				48BFE56F182061130038CFA7 /* VKAccessTokenTests.m in Sources */,
			);
			runOnlyForDeploymentPostprocessing = 0;
		};
/* End PBXSourcesBuildPhase section */

/* Begin PBXTargetDependency section */
		48BFE56A182059480038CFA7 /* PBXTargetDependency */ = {
			isa = PBXTargetDependency;
			target = 48A0CF8D17A83C1900B819E5 /* Sharinator-iPhone */;
			targetProxy = 48BFE569182059480038CFA7 /* PBXContainerItemProxy */;
		};
/* End PBXTargetDependency section */

/* Begin PBXVariantGroup section */
		48A0CF9A17A83C1A00B819E5 /* InfoPlist.strings */ = {
			isa = PBXVariantGroup;
			children = (
				48A0CF9B17A83C1A00B819E5 /* en */,
			);
			name = InfoPlist.strings;
			sourceTree = "<group>";
		};
		48A0CFA917A83C1A00B819E5 /* MainStoryboard_iPhone.storyboard */ = {
			isa = PBXVariantGroup;
			children = (
				48A7E2E717BBCCFA008EEF8F /* Base */,
			);
			name = MainStoryboard_iPhone.storyboard;
			sourceTree = "<group>";
		};
		48BFE563182059480038CFA7 /* InfoPlist.strings */ = {
			isa = PBXVariantGroup;
			children = (
				48BFE564182059480038CFA7 /* en */,
			);
			name = InfoPlist.strings;
			sourceTree = "<group>";
		};
/* End PBXVariantGroup section */

/* Begin XCBuildConfiguration section */
		48A0CFC717A83C1A00B819E5 /* Debug */ = {
			isa = XCBuildConfiguration;
			buildSettings = {
				ALWAYS_SEARCH_USER_PATHS = NO;
				CLANG_CXX_LANGUAGE_STANDARD = "gnu++0x";
				CLANG_CXX_LIBRARY = "libc++";
				CLANG_ENABLE_MODULES = YES;
				CLANG_ENABLE_OBJC_ARC = YES;
				CLANG_WARN_CONSTANT_CONVERSION = YES;
				CLANG_WARN_EMPTY_BODY = YES;
				CLANG_WARN_ENUM_CONVERSION = YES;
				CLANG_WARN_INT_CONVERSION = YES;
				CLANG_WARN__DUPLICATE_METHOD_MATCH = YES;
				"CODE_SIGN_IDENTITY[sdk=iphoneos*]" = "";
				COPY_PHASE_STRIP = NO;
				GCC_C_LANGUAGE_STANDARD = gnu99;
				GCC_DYNAMIC_NO_PIC = NO;
				GCC_OPTIMIZATION_LEVEL = 0;
				GCC_PREPROCESSOR_DEFINITIONS = (
					"DEBUG=1",
					"$(inherited)",
				);
				GCC_SYMBOLS_PRIVATE_EXTERN = NO;
				GCC_WARN_ABOUT_RETURN_TYPE = YES;
				GCC_WARN_UNINITIALIZED_AUTOS = YES;
				GCC_WARN_UNUSED_VARIABLE = YES;
				IPHONEOS_DEPLOYMENT_TARGET = 6.1;
				ONLY_ACTIVE_ARCH = YES;
				SDKROOT = iphoneos;
				TARGETED_DEVICE_FAMILY = "1,2";
			};
			name = Debug;
		};
		48A0CFC817A83C1A00B819E5 /* Release */ = {
			isa = XCBuildConfiguration;
			buildSettings = {
				ALWAYS_SEARCH_USER_PATHS = NO;
				CLANG_CXX_LANGUAGE_STANDARD = "gnu++0x";
				CLANG_CXX_LIBRARY = "libc++";
				CLANG_ENABLE_MODULES = YES;
				CLANG_ENABLE_OBJC_ARC = YES;
				CLANG_WARN_CONSTANT_CONVERSION = YES;
				CLANG_WARN_EMPTY_BODY = YES;
				CLANG_WARN_ENUM_CONVERSION = YES;
				CLANG_WARN_INT_CONVERSION = YES;
				CLANG_WARN__DUPLICATE_METHOD_MATCH = YES;
				"CODE_SIGN_IDENTITY[sdk=iphoneos*]" = "";
				COPY_PHASE_STRIP = YES;
				GCC_C_LANGUAGE_STANDARD = gnu99;
				GCC_WARN_ABOUT_RETURN_TYPE = YES;
				GCC_WARN_UNINITIALIZED_AUTOS = YES;
				GCC_WARN_UNUSED_VARIABLE = YES;
				IPHONEOS_DEPLOYMENT_TARGET = 6.1;
				OTHER_CFLAGS = "-DNS_BLOCK_ASSERTIONS=1";
				SDKROOT = iphoneos;
				TARGETED_DEVICE_FAMILY = "1,2";
				VALIDATE_PRODUCT = YES;
			};
			name = Release;
		};
		48A0CFCA17A83C1A00B819E5 /* Debug */ = {
			isa = XCBuildConfiguration;
			buildSettings = {
				GCC_PRECOMPILE_PREFIX_HEADER = YES;
				GCC_PREFIX_HEADER = "Sharinator-iPhone/Sharinator-iPhone-Prefix.pch";
				INFOPLIST_FILE = "Sharinator-iPhone/Sharinator-iPhone-Info.plist";
				PRODUCT_NAME = "$(TARGET_NAME)";
				WRAPPER_EXTENSION = app;
			};
			name = Debug;
		};
		48A0CFCB17A83C1A00B819E5 /* Release */ = {
			isa = XCBuildConfiguration;
			buildSettings = {
				GCC_PRECOMPILE_PREFIX_HEADER = YES;
				GCC_PREFIX_HEADER = "Sharinator-iPhone/Sharinator-iPhone-Prefix.pch";
				INFOPLIST_FILE = "Sharinator-iPhone/Sharinator-iPhone-Info.plist";
				PRODUCT_NAME = "$(TARGET_NAME)";
				WRAPPER_EXTENSION = app;
			};
			name = Release;
		};
		48BFE56C182059480038CFA7 /* Debug */ = {
			isa = XCBuildConfiguration;
			buildSettings = {
				BUNDLE_LOADER = "$(BUILT_PRODUCTS_DIR)/Sharinator-iPhone.app/Sharinator-iPhone";
				CLANG_WARN_BOOL_CONVERSION = YES;
				CLANG_WARN_DIRECT_OBJC_ISA_USAGE = YES_ERROR;
				CLANG_WARN_OBJC_ROOT_CLASS = YES_ERROR;
				FRAMEWORK_SEARCH_PATHS = (
					"$(SDKROOT)/Developer/Library/Frameworks",
					"$(inherited)",
					"$(DEVELOPER_FRAMEWORKS_DIR)",
				);
				GCC_PRECOMPILE_PREFIX_HEADER = YES;
				GCC_PREFIX_HEADER = "Sharinator-iPhone Tests/Sharinator-iPhone Tests-Prefix.pch";
				GCC_PREPROCESSOR_DEFINITIONS = (
					"DEBUG=1",
					"$(inherited)",
				);
				GCC_WARN_64_TO_32_BIT_CONVERSION = YES;
				GCC_WARN_ABOUT_RETURN_TYPE = YES_ERROR;
				GCC_WARN_UNDECLARED_SELECTOR = YES;
				GCC_WARN_UNUSED_FUNCTION = YES;
				INFOPLIST_FILE = "Sharinator-iPhone Tests/Sharinator-iPhone Tests-Info.plist";
				IPHONEOS_DEPLOYMENT_TARGET = 7.0;
				PRODUCT_NAME = "$(TARGET_NAME)";
				TEST_HOST = "$(BUNDLE_LOADER)";
				WRAPPER_EXTENSION = xctest;
			};
			name = Debug;
		};
		48BFE56D182059480038CFA7 /* Release */ = {
			isa = XCBuildConfiguration;
			buildSettings = {
				BUNDLE_LOADER = "$(BUILT_PRODUCTS_DIR)/Sharinator-iPhone.app/Sharinator-iPhone";
				CLANG_WARN_BOOL_CONVERSION = YES;
				CLANG_WARN_DIRECT_OBJC_ISA_USAGE = YES_ERROR;
				CLANG_WARN_OBJC_ROOT_CLASS = YES_ERROR;
				ENABLE_NS_ASSERTIONS = NO;
				FRAMEWORK_SEARCH_PATHS = (
					"$(SDKROOT)/Developer/Library/Frameworks",
					"$(inherited)",
					"$(DEVELOPER_FRAMEWORKS_DIR)",
				);
				GCC_PRECOMPILE_PREFIX_HEADER = YES;
				GCC_PREFIX_HEADER = "Sharinator-iPhone Tests/Sharinator-iPhone Tests-Prefix.pch";
				GCC_WARN_64_TO_32_BIT_CONVERSION = YES;
				GCC_WARN_ABOUT_RETURN_TYPE = YES_ERROR;
				GCC_WARN_UNDECLARED_SELECTOR = YES;
				GCC_WARN_UNUSED_FUNCTION = YES;
				INFOPLIST_FILE = "Sharinator-iPhone Tests/Sharinator-iPhone Tests-Info.plist";
				IPHONEOS_DEPLOYMENT_TARGET = 7.0;
				PRODUCT_NAME = "$(TARGET_NAME)";
				TEST_HOST = "$(BUNDLE_LOADER)";
				WRAPPER_EXTENSION = xctest;
			};
			name = Release;
		};
/* End XCBuildConfiguration section */

/* Begin XCConfigurationList section */
		48A0CF8917A83C1900B819E5 /* Build configuration list for PBXProject "Sharinator-iPhone" */ = {
			isa = XCConfigurationList;
			buildConfigurations = (
				48A0CFC717A83C1A00B819E5 /* Debug */,
				48A0CFC817A83C1A00B819E5 /* Release */,
			);
			defaultConfigurationIsVisible = 0;
			defaultConfigurationName = Release;
		};
		48A0CFC917A83C1A00B819E5 /* Build configuration list for PBXNativeTarget "Sharinator-iPhone" */ = {
			isa = XCConfigurationList;
			buildConfigurations = (
				48A0CFCA17A83C1A00B819E5 /* Debug */,
				48A0CFCB17A83C1A00B819E5 /* Release */,
			);
			defaultConfigurationIsVisible = 0;
			defaultConfigurationName = Release;
		};
		48BFE56B182059480038CFA7 /* Build configuration list for PBXNativeTarget "Sharinator-iPhone Tests" */ = {
			isa = XCConfigurationList;
			buildConfigurations = (
				48BFE56C182059480038CFA7 /* Debug */,
				48BFE56D182059480038CFA7 /* Release */,
			);
			defaultConfigurationIsVisible = 0;
			defaultConfigurationName = Release;
		};
/* End XCConfigurationList section */
	};
	rootObject = 48A0CF8617A83C1900B819E5 /* Project object */;
}
