// !$*UTF8*$!
{
	archiveVersion = 1;
	classes = {
	};
	objectVersion = 46;
	objects = {

/* Begin PBXBuildFile section */
		48A0CF9217A83C1900B819E5 /* UIKit.framework in Frameworks */ = {isa = PBXBuildFile; fileRef = 48A0CF9117A83C1900B819E5 /* UIKit.framework */; };
		48A0CF9417A83C1900B819E5 /* Foundation.framework in Frameworks */ = {isa = PBXBuildFile; fileRef = 48A0CF9317A83C1900B819E5 /* Foundation.framework */; };
		48A0CF9617A83C1900B819E5 /* CoreGraphics.framework in Frameworks */ = {isa = PBXBuildFile; fileRef = 48A0CF9517A83C1900B819E5 /* CoreGraphics.framework */; };
		48A0CF9C17A83C1A00B819E5 /* InfoPlist.strings in Resources */ = {isa = PBXBuildFile; fileRef = 48A0CF9A17A83C1A00B819E5 /* InfoPlist.strings */; };
		48A0CF9E17A83C1A00B819E5 /* main.m in Sources */ = {isa = PBXBuildFile; fileRef = 48A0CF9D17A83C1A00B819E5 /* main.m */; };
		48A0CFA217A83C1A00B819E5 /* DBAppDelegate.m in Sources */ = {isa = PBXBuildFile; fileRef = 48A0CFA117A83C1A00B819E5 /* DBAppDelegate.m */; };
		48A0CFA417A83C1A00B819E5 /* Default.png in Resources */ = {isa = PBXBuildFile; fileRef = 48A0CFA317A83C1A00B819E5 /* Default.png */; };
		48A0CFA617A83C1A00B819E5 /* Default@2x.png in Resources */ = {isa = PBXBuildFile; fileRef = 48A0CFA517A83C1A00B819E5 /* Default@2x.png */; };
		48A0CFA817A83C1A00B819E5 /* Default-568h@2x.png in Resources */ = {isa = PBXBuildFile; fileRef = 48A0CFA717A83C1A00B819E5 /* Default-568h@2x.png */; };
		48A0CFAB17A83C1A00B819E5 /* MainStoryboard_iPhone.storyboard in Resources */ = {isa = PBXBuildFile; fileRef = 48A0CFA917A83C1A00B819E5 /* MainStoryboard_iPhone.storyboard */; };
		48A0CFB917A83C1A00B819E5 /* SenTestingKit.framework in Frameworks */ = {isa = PBXBuildFile; fileRef = 48A0CFB817A83C1A00B819E5 /* SenTestingKit.framework */; };
		48A0CFBA17A83C1A00B819E5 /* UIKit.framework in Frameworks */ = {isa = PBXBuildFile; fileRef = 48A0CF9117A83C1900B819E5 /* UIKit.framework */; };
		48A0CFBB17A83C1A00B819E5 /* Foundation.framework in Frameworks */ = {isa = PBXBuildFile; fileRef = 48A0CF9317A83C1900B819E5 /* Foundation.framework */; };
		48A0CFC317A83C1A00B819E5 /* InfoPlist.strings in Resources */ = {isa = PBXBuildFile; fileRef = 48A0CFC117A83C1A00B819E5 /* InfoPlist.strings */; };
		48A0CFC617A83C1A00B819E5 /* Sharinator_iPhoneTests.m in Sources */ = {isa = PBXBuildFile; fileRef = 48A0CFC517A83C1A00B819E5 /* Sharinator_iPhoneTests.m */; };
		48A0CFD117A846B900B819E5 /* DBvkLoginVC.m in Sources */ = {isa = PBXBuildFile; fileRef = 48A0CFD017A846B900B819E5 /* DBvkLoginVC.m */; };
		48A0D03017A99F4A00B819E5 /* .gitignore in Resources */ = {isa = PBXBuildFile; fileRef = 48A0CFD317A99F4900B819E5 /* .gitignore */; };
		48A0D03117A99F4A00B819E5 /* .travis.yml in Resources */ = {isa = PBXBuildFile; fileRef = 48A0CFD417A99F4900B819E5 /* .travis.yml */; };
		48A0D03217A99F4A00B819E5 /* AFHTTPClient.m in Sources */ = {isa = PBXBuildFile; fileRef = 48A0CFD717A99F4900B819E5 /* AFHTTPClient.m */; };
		48A0D03317A99F4A00B819E5 /* AFHTTPRequestOperation.m in Sources */ = {isa = PBXBuildFile; fileRef = 48A0CFD917A99F4900B819E5 /* AFHTTPRequestOperation.m */; };
		48A0D03417A99F4A00B819E5 /* AFImageRequestOperation.m in Sources */ = {isa = PBXBuildFile; fileRef = 48A0CFDB17A99F4900B819E5 /* AFImageRequestOperation.m */; };
		48A0D03517A99F4A00B819E5 /* AFJSONRequestOperation.m in Sources */ = {isa = PBXBuildFile; fileRef = 48A0CFDD17A99F4900B819E5 /* AFJSONRequestOperation.m */; };
		48A0D03617A99F4A00B819E5 /* AFNetworkActivityIndicatorManager.m in Sources */ = {isa = PBXBuildFile; fileRef = 48A0CFDF17A99F4900B819E5 /* AFNetworkActivityIndicatorManager.m */; };
		48A0D03717A99F4A00B819E5 /* AFPropertyListRequestOperation.m in Sources */ = {isa = PBXBuildFile; fileRef = 48A0CFE217A99F4900B819E5 /* AFPropertyListRequestOperation.m */; };
		48A0D03817A99F4A00B819E5 /* AFURLConnectionOperation.m in Sources */ = {isa = PBXBuildFile; fileRef = 48A0CFE417A99F4900B819E5 /* AFURLConnectionOperation.m */; };
		48A0D03917A99F4A00B819E5 /* AFXMLRequestOperation.m in Sources */ = {isa = PBXBuildFile; fileRef = 48A0CFE617A99F4900B819E5 /* AFXMLRequestOperation.m */; };
		48A0D03A17A99F4A00B819E5 /* UIImageView+AFNetworking.m in Sources */ = {isa = PBXBuildFile; fileRef = 48A0CFE817A99F4900B819E5 /* UIImageView+AFNetworking.m */; };
		48A0D03B17A99F4A00B819E5 /* AFNetworking.podspec in Resources */ = {isa = PBXBuildFile; fileRef = 48A0CFE917A99F4900B819E5 /* AFNetworking.podspec */; };
		48A0D03C17A99F4A00B819E5 /* AFNetworking.xcworkspace in Resources */ = {isa = PBXBuildFile; fileRef = 48A0CFEA17A99F4900B819E5 /* AFNetworking.xcworkspace */; };
		48A0D03D17A99F4A00B819E5 /* CHANGES in Resources */ = {isa = PBXBuildFile; fileRef = 48A0CFEB17A99F4900B819E5 /* CHANGES */; };
		48A0D05217A99F4A00B819E5 /* LICENSE in Resources */ = {isa = PBXBuildFile; fileRef = 48A0D01417A99F4A00B819E5 /* LICENSE */; };
		48A0D05317A99F4A00B819E5 /* Rakefile in Resources */ = {isa = PBXBuildFile; fileRef = 48A0D01517A99F4A00B819E5 /* Rakefile */; };
		48A0D05417A99F4A00B819E5 /* README.md in Resources */ = {isa = PBXBuildFile; fileRef = 48A0D01617A99F4A00B819E5 /* README.md */; };
		48A0D07817A9A08E00B819E5 /* ShariUser.m in Sources */ = {isa = PBXBuildFile; fileRef = 48A0D07717A9A08E00B819E5 /* ShariUser.m */; };
		48A0D07B17A9A94800B819E5 /* ShariSocial.m in Sources */ = {isa = PBXBuildFile; fileRef = 48A0D07A17A9A94700B819E5 /* ShariSocial.m */; };
		48A0D07F17A9AA6400B819E5 /* ShariConnection.m in Sources */ = {isa = PBXBuildFile; fileRef = 48A0D07E17A9AA6400B819E5 /* ShariConnection.m */; };
		48A0D08217A9AA7C00B819E5 /* ShariRequest.m in Sources */ = {isa = PBXBuildFile; fileRef = 48A0D08117A9AA7C00B819E5 /* ShariRequest.m */; };
		48A0D08517A9AA8F00B819E5 /* ShariResponse.m in Sources */ = {isa = PBXBuildFile; fileRef = 48A0D08417A9AA8F00B819E5 /* ShariResponse.m */; };
		48A0D08817A9AAE200B819E5 /* ShariClient.m in Sources */ = {isa = PBXBuildFile; fileRef = 48A0D08717A9AAE100B819E5 /* ShariClient.m */; };
		48A0D08C17AA482000B819E5 /* VKAccessManager.m in Sources */ = {isa = PBXBuildFile; fileRef = 48A0D08B17AA481F00B819E5 /* VKAccessManager.m */; };
		48A0D08F17AA517700B819E5 /* VKAccessToken.m in Sources */ = {isa = PBXBuildFile; fileRef = 48A0D08E17AA517700B819E5 /* VKAccessToken.m */; };
		48BE753517AAEDFB00CD277F /* CFNetwork.framework in Frameworks */ = {isa = PBXBuildFile; fileRef = 48BE753417AAEDFB00CD277F /* CFNetwork.framework */; };
		48BE753717AAEE0A00CD277F /* Security.framework in Frameworks */ = {isa = PBXBuildFile; fileRef = 48BE753617AAEE0A00CD277F /* Security.framework */; };
		48BE753917AAEF2000CD277F /* MobileCoreServices.framework in Frameworks */ = {isa = PBXBuildFile; fileRef = 48BE753817AAEF2000CD277F /* MobileCoreServices.framework */; };
		48BE753B17AAEF2700CD277F /* SystemConfiguration.framework in Frameworks */ = {isa = PBXBuildFile; fileRef = 48BE753A17AAEF2600CD277F /* SystemConfiguration.framework */; };
/* End PBXBuildFile section */

/* Begin PBXContainerItemProxy section */
		48A0CFBC17A83C1A00B819E5 /* PBXContainerItemProxy */ = {
			isa = PBXContainerItemProxy;
			containerPortal = 48A0CF8617A83C1900B819E5 /* Project object */;
			proxyType = 1;
			remoteGlobalIDString = 48A0CF8D17A83C1900B819E5;
			remoteInfo = "Sharinator-iPhone";
		};
/* End PBXContainerItemProxy section */

/* Begin PBXFileReference section */
		48A0CF8E17A83C1900B819E5 /* Sharinator-iPhone.app */ = {isa = PBXFileReference; explicitFileType = wrapper.application; includeInIndex = 0; path = "Sharinator-iPhone.app"; sourceTree = BUILT_PRODUCTS_DIR; };
		48A0CF9117A83C1900B819E5 /* UIKit.framework */ = {isa = PBXFileReference; lastKnownFileType = wrapper.framework; name = UIKit.framework; path = System/Library/Frameworks/UIKit.framework; sourceTree = SDKROOT; };
		48A0CF9317A83C1900B819E5 /* Foundation.framework */ = {isa = PBXFileReference; lastKnownFileType = wrapper.framework; name = Foundation.framework; path = System/Library/Frameworks/Foundation.framework; sourceTree = SDKROOT; };
		48A0CF9517A83C1900B819E5 /* CoreGraphics.framework */ = {isa = PBXFileReference; lastKnownFileType = wrapper.framework; name = CoreGraphics.framework; path = System/Library/Frameworks/CoreGraphics.framework; sourceTree = SDKROOT; };
		48A0CF9917A83C1A00B819E5 /* Sharinator-iPhone-Info.plist */ = {isa = PBXFileReference; lastKnownFileType = text.plist.xml; path = "Sharinator-iPhone-Info.plist"; sourceTree = "<group>"; };
		48A0CF9B17A83C1A00B819E5 /* en */ = {isa = PBXFileReference; lastKnownFileType = text.plist.strings; name = en; path = en.lproj/InfoPlist.strings; sourceTree = "<group>"; };
		48A0CF9D17A83C1A00B819E5 /* main.m */ = {isa = PBXFileReference; lastKnownFileType = sourcecode.c.objc; path = main.m; sourceTree = "<group>"; };
		48A0CF9F17A83C1A00B819E5 /* Sharinator-iPhone-Prefix.pch */ = {isa = PBXFileReference; lastKnownFileType = sourcecode.c.h; path = "Sharinator-iPhone-Prefix.pch"; sourceTree = "<group>"; };
		48A0CFA017A83C1A00B819E5 /* DBAppDelegate.h */ = {isa = PBXFileReference; lastKnownFileType = sourcecode.c.h; path = DBAppDelegate.h; sourceTree = "<group>"; };
		48A0CFA117A83C1A00B819E5 /* DBAppDelegate.m */ = {isa = PBXFileReference; lastKnownFileType = sourcecode.c.objc; path = DBAppDelegate.m; sourceTree = "<group>"; };
		48A0CFA317A83C1A00B819E5 /* Default.png */ = {isa = PBXFileReference; lastKnownFileType = image.png; path = Default.png; sourceTree = "<group>"; };
		48A0CFA517A83C1A00B819E5 /* Default@2x.png */ = {isa = PBXFileReference; lastKnownFileType = image.png; path = "Default@2x.png"; sourceTree = "<group>"; };
		48A0CFA717A83C1A00B819E5 /* Default-568h@2x.png */ = {isa = PBXFileReference; lastKnownFileType = image.png; path = "Default-568h@2x.png"; sourceTree = "<group>"; };
		48A0CFAA17A83C1A00B819E5 /* en */ = {isa = PBXFileReference; lastKnownFileType = file.storyboard; name = en; path = en.lproj/MainStoryboard_iPhone.storyboard; sourceTree = "<group>"; };
		48A0CFB717A83C1A00B819E5 /* Sharinator-iPhoneTests.octest */ = {isa = PBXFileReference; explicitFileType = wrapper.cfbundle; includeInIndex = 0; path = "Sharinator-iPhoneTests.octest"; sourceTree = BUILT_PRODUCTS_DIR; };
		48A0CFB817A83C1A00B819E5 /* SenTestingKit.framework */ = {isa = PBXFileReference; lastKnownFileType = wrapper.framework; name = SenTestingKit.framework; path = Library/Frameworks/SenTestingKit.framework; sourceTree = DEVELOPER_DIR; };
		48A0CFC017A83C1A00B819E5 /* Sharinator-iPhoneTests-Info.plist */ = {isa = PBXFileReference; lastKnownFileType = text.plist.xml; path = "Sharinator-iPhoneTests-Info.plist"; sourceTree = "<group>"; };
		48A0CFC217A83C1A00B819E5 /* en */ = {isa = PBXFileReference; lastKnownFileType = text.plist.strings; name = en; path = en.lproj/InfoPlist.strings; sourceTree = "<group>"; };
		48A0CFC417A83C1A00B819E5 /* Sharinator_iPhoneTests.h */ = {isa = PBXFileReference; lastKnownFileType = sourcecode.c.h; path = Sharinator_iPhoneTests.h; sourceTree = "<group>"; };
		48A0CFC517A83C1A00B819E5 /* Sharinator_iPhoneTests.m */ = {isa = PBXFileReference; lastKnownFileType = sourcecode.c.objc; path = Sharinator_iPhoneTests.m; sourceTree = "<group>"; };
		48A0CFCF17A846B800B819E5 /* DBvkLoginVC.h */ = {isa = PBXFileReference; fileEncoding = 4; lastKnownFileType = sourcecode.c.h; path = DBvkLoginVC.h; sourceTree = "<group>"; };
		48A0CFD017A846B900B819E5 /* DBvkLoginVC.m */ = {isa = PBXFileReference; fileEncoding = 4; lastKnownFileType = sourcecode.c.objc; path = DBvkLoginVC.m; sourceTree = "<group>"; };
		48A0CFD317A99F4900B819E5 /* .gitignore */ = {isa = PBXFileReference; fileEncoding = 4; lastKnownFileType = text; path = .gitignore; sourceTree = "<group>"; };
		48A0CFD417A99F4900B819E5 /* .travis.yml */ = {isa = PBXFileReference; fileEncoding = 4; lastKnownFileType = text; path = .travis.yml; sourceTree = "<group>"; };
		48A0CFD617A99F4900B819E5 /* AFHTTPClient.h */ = {isa = PBXFileReference; fileEncoding = 4; lastKnownFileType = sourcecode.c.h; path = AFHTTPClient.h; sourceTree = "<group>"; };
		48A0CFD717A99F4900B819E5 /* AFHTTPClient.m */ = {isa = PBXFileReference; fileEncoding = 4; lastKnownFileType = sourcecode.c.objc; path = AFHTTPClient.m; sourceTree = "<group>"; };
		48A0CFD817A99F4900B819E5 /* AFHTTPRequestOperation.h */ = {isa = PBXFileReference; fileEncoding = 4; lastKnownFileType = sourcecode.c.h; path = AFHTTPRequestOperation.h; sourceTree = "<group>"; };
		48A0CFD917A99F4900B819E5 /* AFHTTPRequestOperation.m */ = {isa = PBXFileReference; fileEncoding = 4; lastKnownFileType = sourcecode.c.objc; path = AFHTTPRequestOperation.m; sourceTree = "<group>"; };
		48A0CFDA17A99F4900B819E5 /* AFImageRequestOperation.h */ = {isa = PBXFileReference; fileEncoding = 4; lastKnownFileType = sourcecode.c.h; path = AFImageRequestOperation.h; sourceTree = "<group>"; };
		48A0CFDB17A99F4900B819E5 /* AFImageRequestOperation.m */ = {isa = PBXFileReference; fileEncoding = 4; lastKnownFileType = sourcecode.c.objc; path = AFImageRequestOperation.m; sourceTree = "<group>"; };
		48A0CFDC17A99F4900B819E5 /* AFJSONRequestOperation.h */ = {isa = PBXFileReference; fileEncoding = 4; lastKnownFileType = sourcecode.c.h; path = AFJSONRequestOperation.h; sourceTree = "<group>"; };
		48A0CFDD17A99F4900B819E5 /* AFJSONRequestOperation.m */ = {isa = PBXFileReference; fileEncoding = 4; lastKnownFileType = sourcecode.c.objc; path = AFJSONRequestOperation.m; sourceTree = "<group>"; };
		48A0CFDE17A99F4900B819E5 /* AFNetworkActivityIndicatorManager.h */ = {isa = PBXFileReference; fileEncoding = 4; lastKnownFileType = sourcecode.c.h; path = AFNetworkActivityIndicatorManager.h; sourceTree = "<group>"; };
		48A0CFDF17A99F4900B819E5 /* AFNetworkActivityIndicatorManager.m */ = {isa = PBXFileReference; fileEncoding = 4; lastKnownFileType = sourcecode.c.objc; path = AFNetworkActivityIndicatorManager.m; sourceTree = "<group>"; };
		48A0CFE017A99F4900B819E5 /* AFNetworking.h */ = {isa = PBXFileReference; fileEncoding = 4; lastKnownFileType = sourcecode.c.h; path = AFNetworking.h; sourceTree = "<group>"; };
		48A0CFE117A99F4900B819E5 /* AFPropertyListRequestOperation.h */ = {isa = PBXFileReference; fileEncoding = 4; lastKnownFileType = sourcecode.c.h; path = AFPropertyListRequestOperation.h; sourceTree = "<group>"; };
		48A0CFE217A99F4900B819E5 /* AFPropertyListRequestOperation.m */ = {isa = PBXFileReference; fileEncoding = 4; lastKnownFileType = sourcecode.c.objc; path = AFPropertyListRequestOperation.m; sourceTree = "<group>"; };
		48A0CFE317A99F4900B819E5 /* AFURLConnectionOperation.h */ = {isa = PBXFileReference; fileEncoding = 4; lastKnownFileType = sourcecode.c.h; path = AFURLConnectionOperation.h; sourceTree = "<group>"; };
		48A0CFE417A99F4900B819E5 /* AFURLConnectionOperation.m */ = {isa = PBXFileReference; fileEncoding = 4; lastKnownFileType = sourcecode.c.objc; path = AFURLConnectionOperation.m; sourceTree = "<group>"; };
		48A0CFE517A99F4900B819E5 /* AFXMLRequestOperation.h */ = {isa = PBXFileReference; fileEncoding = 4; lastKnownFileType = sourcecode.c.h; path = AFXMLRequestOperation.h; sourceTree = "<group>"; };
		48A0CFE617A99F4900B819E5 /* AFXMLRequestOperation.m */ = {isa = PBXFileReference; fileEncoding = 4; lastKnownFileType = sourcecode.c.objc; path = AFXMLRequestOperation.m; sourceTree = "<group>"; };
		48A0CFE717A99F4900B819E5 /* UIImageView+AFNetworking.h */ = {isa = PBXFileReference; fileEncoding = 4; lastKnownFileType = sourcecode.c.h; path = "UIImageView+AFNetworking.h"; sourceTree = "<group>"; };
		48A0CFE817A99F4900B819E5 /* UIImageView+AFNetworking.m */ = {isa = PBXFileReference; fileEncoding = 4; lastKnownFileType = sourcecode.c.objc; path = "UIImageView+AFNetworking.m"; sourceTree = "<group>"; };
		48A0CFE917A99F4900B819E5 /* AFNetworking.podspec */ = {isa = PBXFileReference; fileEncoding = 4; lastKnownFileType = text; path = AFNetworking.podspec; sourceTree = "<group>"; };
		48A0CFEA17A99F4900B819E5 /* AFNetworking.xcworkspace */ = {isa = PBXFileReference; lastKnownFileType = wrapper.workspace; path = AFNetworking.xcworkspace; sourceTree = "<group>"; };
		48A0CFEB17A99F4900B819E5 /* CHANGES */ = {isa = PBXFileReference; fileEncoding = 4; lastKnownFileType = text; path = CHANGES; sourceTree = "<group>"; };
		48A0D01417A99F4A00B819E5 /* LICENSE */ = {isa = PBXFileReference; fileEncoding = 4; lastKnownFileType = text; path = LICENSE; sourceTree = "<group>"; };
		48A0D01517A99F4A00B819E5 /* Rakefile */ = {isa = PBXFileReference; fileEncoding = 4; lastKnownFileType = text; path = Rakefile; sourceTree = "<group>"; };
		48A0D01617A99F4A00B819E5 /* README.md */ = {isa = PBXFileReference; fileEncoding = 4; lastKnownFileType = text; path = README.md; sourceTree = "<group>"; };
		48A0D07617A9A08E00B819E5 /* ShariUser.h */ = {isa = PBXFileReference; fileEncoding = 4; lastKnownFileType = sourcecode.c.h; path = ShariUser.h; sourceTree = "<group>"; };
		48A0D07717A9A08E00B819E5 /* ShariUser.m */ = {isa = PBXFileReference; fileEncoding = 4; lastKnownFileType = sourcecode.c.objc; path = ShariUser.m; sourceTree = "<group>"; };
		48A0D07917A9A94700B819E5 /* ShariSocial.h */ = {isa = PBXFileReference; fileEncoding = 4; lastKnownFileType = sourcecode.c.h; path = ShariSocial.h; sourceTree = "<group>"; };
		48A0D07A17A9A94700B819E5 /* ShariSocial.m */ = {isa = PBXFileReference; fileEncoding = 4; lastKnownFileType = sourcecode.c.objc; path = ShariSocial.m; sourceTree = "<group>"; };
		48A0D07D17A9AA6400B819E5 /* ShariConnection.h */ = {isa = PBXFileReference; fileEncoding = 4; lastKnownFileType = sourcecode.c.h; path = ShariConnection.h; sourceTree = "<group>"; };
		48A0D07E17A9AA6400B819E5 /* ShariConnection.m */ = {isa = PBXFileReference; fileEncoding = 4; lastKnownFileType = sourcecode.c.objc; path = ShariConnection.m; sourceTree = "<group>"; };
		48A0D08017A9AA7C00B819E5 /* ShariRequest.h */ = {isa = PBXFileReference; fileEncoding = 4; lastKnownFileType = sourcecode.c.h; path = ShariRequest.h; sourceTree = "<group>"; };
		48A0D08117A9AA7C00B819E5 /* ShariRequest.m */ = {isa = PBXFileReference; fileEncoding = 4; lastKnownFileType = sourcecode.c.objc; path = ShariRequest.m; sourceTree = "<group>"; };
		48A0D08317A9AA8E00B819E5 /* ShariResponse.h */ = {isa = PBXFileReference; fileEncoding = 4; lastKnownFileType = sourcecode.c.h; path = ShariResponse.h; sourceTree = "<group>"; };
		48A0D08417A9AA8F00B819E5 /* ShariResponse.m */ = {isa = PBXFileReference; fileEncoding = 4; lastKnownFileType = sourcecode.c.objc; path = ShariResponse.m; sourceTree = "<group>"; };
		48A0D08617A9AAE100B819E5 /* ShariClient.h */ = {isa = PBXFileReference; fileEncoding = 4; lastKnownFileType = sourcecode.c.h; path = ShariClient.h; sourceTree = "<group>"; };
		48A0D08717A9AAE100B819E5 /* ShariClient.m */ = {isa = PBXFileReference; fileEncoding = 4; lastKnownFileType = sourcecode.c.objc; path = ShariClient.m; sourceTree = "<group>"; };
		48A0D08A17AA481F00B819E5 /* VKAccessManager.h */ = {isa = PBXFileReference; fileEncoding = 4; lastKnownFileType = sourcecode.c.h; path = VKAccessManager.h; sourceTree = "<group>"; };
		48A0D08B17AA481F00B819E5 /* VKAccessManager.m */ = {isa = PBXFileReference; fileEncoding = 4; lastKnownFileType = sourcecode.c.objc; path = VKAccessManager.m; sourceTree = "<group>"; };
		48A0D08D17AA517700B819E5 /* VKAccessToken.h */ = {isa = PBXFileReference; fileEncoding = 4; lastKnownFileType = sourcecode.c.h; path = VKAccessToken.h; sourceTree = "<group>"; };
		48A0D08E17AA517700B819E5 /* VKAccessToken.m */ = {isa = PBXFileReference; fileEncoding = 4; lastKnownFileType = sourcecode.c.objc; path = VKAccessToken.m; sourceTree = "<group>"; };
		48BE753417AAEDFB00CD277F /* CFNetwork.framework */ = {isa = PBXFileReference; lastKnownFileType = wrapper.framework; name = CFNetwork.framework; path = System/Library/Frameworks/CFNetwork.framework; sourceTree = SDKROOT; };
		48BE753617AAEE0A00CD277F /* Security.framework */ = {isa = PBXFileReference; lastKnownFileType = wrapper.framework; name = Security.framework; path = System/Library/Frameworks/Security.framework; sourceTree = SDKROOT; };
		48BE753817AAEF2000CD277F /* MobileCoreServices.framework */ = {isa = PBXFileReference; lastKnownFileType = wrapper.framework; name = MobileCoreServices.framework; path = System/Library/Frameworks/MobileCoreServices.framework; sourceTree = SDKROOT; };
		48BE753A17AAEF2600CD277F /* SystemConfiguration.framework */ = {isa = PBXFileReference; lastKnownFileType = wrapper.framework; name = SystemConfiguration.framework; path = System/Library/Frameworks/SystemConfiguration.framework; sourceTree = SDKROOT; };
/* End PBXFileReference section */

/* Begin PBXFrameworksBuildPhase section */
		48A0CF8B17A83C1900B819E5 /* Frameworks */ = {
			isa = PBXFrameworksBuildPhase;
			buildActionMask = 2147483647;
			files = (
				48BE753B17AAEF2700CD277F /* SystemConfiguration.framework in Frameworks */,
				48BE753917AAEF2000CD277F /* MobileCoreServices.framework in Frameworks */,
				48BE753717AAEE0A00CD277F /* Security.framework in Frameworks */,
				48BE753517AAEDFB00CD277F /* CFNetwork.framework in Frameworks */,
				48A0CF9217A83C1900B819E5 /* UIKit.framework in Frameworks */,
				48A0CF9417A83C1900B819E5 /* Foundation.framework in Frameworks */,
				48A0CF9617A83C1900B819E5 /* CoreGraphics.framework in Frameworks */,
			);
			runOnlyForDeploymentPostprocessing = 0;
		};
		48A0CFB317A83C1A00B819E5 /* Frameworks */ = {
			isa = PBXFrameworksBuildPhase;
			buildActionMask = 2147483647;
			files = (
				48A0CFB917A83C1A00B819E5 /* SenTestingKit.framework in Frameworks */,
				48A0CFBA17A83C1A00B819E5 /* UIKit.framework in Frameworks */,
				48A0CFBB17A83C1A00B819E5 /* Foundation.framework in Frameworks */,
			);
			runOnlyForDeploymentPostprocessing = 0;
		};
/* End PBXFrameworksBuildPhase section */

/* Begin PBXGroup section */
		48A0CF8517A83C1900B819E5 = {
			isa = PBXGroup;
			children = (
				48A0D07117A99F7400B819E5 /* 3rd Party */,
				48A0CF9717A83C1A00B819E5 /* Sharinator-iPhone */,
				48A0CFBE17A83C1A00B819E5 /* Sharinator-iPhoneTests */,
				48A0CF9017A83C1900B819E5 /* Frameworks */,
				48A0CF8F17A83C1900B819E5 /* Products */,
			);
			sourceTree = "<group>";
		};
		48A0CF8F17A83C1900B819E5 /* Products */ = {
			isa = PBXGroup;
			children = (
				48A0CF8E17A83C1900B819E5 /* Sharinator-iPhone.app */,
				48A0CFB717A83C1A00B819E5 /* Sharinator-iPhoneTests.octest */,
			);
			name = Products;
			sourceTree = "<group>";
		};
		48A0CF9017A83C1900B819E5 /* Frameworks */ = {
			isa = PBXGroup;
			children = (
				48BE753817AAEF2000CD277F /* MobileCoreServices.framework */,
				48BE753A17AAEF2600CD277F /* SystemConfiguration.framework */,
				48BE753617AAEE0A00CD277F /* Security.framework */,
				48BE753417AAEDFB00CD277F /* CFNetwork.framework */,
				48A0CF9117A83C1900B819E5 /* UIKit.framework */,
				48A0CF9317A83C1900B819E5 /* Foundation.framework */,
				48A0CF9517A83C1900B819E5 /* CoreGraphics.framework */,
				48A0CFB817A83C1A00B819E5 /* SenTestingKit.framework */,
			);
			name = Frameworks;
			sourceTree = "<group>";
		};
		48A0CF9717A83C1A00B819E5 /* Sharinator-iPhone */ = {
			isa = PBXGroup;
			children = (
				48A0D08917AA47BD00B819E5 /* VK */,
				48A0D07C17A9AA3000B819E5 /* API */,
				48A0CFA017A83C1A00B819E5 /* DBAppDelegate.h */,
				48A0CFA117A83C1A00B819E5 /* DBAppDelegate.m */,
				48A0CFA917A83C1A00B819E5 /* MainStoryboard_iPhone.storyboard */,
				48A0CF9817A83C1A00B819E5 /* Supporting Files */,
				48A0CFCF17A846B800B819E5 /* DBvkLoginVC.h */,
				48A0CFD017A846B900B819E5 /* DBvkLoginVC.m */,
			);
			path = "Sharinator-iPhone";
			sourceTree = "<group>";
		};
		48A0CF9817A83C1A00B819E5 /* Supporting Files */ = {
			isa = PBXGroup;
			children = (
				48A0CF9917A83C1A00B819E5 /* Sharinator-iPhone-Info.plist */,
				48A0CF9A17A83C1A00B819E5 /* InfoPlist.strings */,
				48A0CF9D17A83C1A00B819E5 /* main.m */,
				48A0CF9F17A83C1A00B819E5 /* Sharinator-iPhone-Prefix.pch */,
				48A0CFA317A83C1A00B819E5 /* Default.png */,
				48A0CFA517A83C1A00B819E5 /* Default@2x.png */,
				48A0CFA717A83C1A00B819E5 /* Default-568h@2x.png */,
			);
			name = "Supporting Files";
			sourceTree = "<group>";
		};
		48A0CFBE17A83C1A00B819E5 /* Sharinator-iPhoneTests */ = {
			isa = PBXGroup;
			children = (
				48A0CFC417A83C1A00B819E5 /* Sharinator_iPhoneTests.h */,
				48A0CFC517A83C1A00B819E5 /* Sharinator_iPhoneTests.m */,
				48A0CFBF17A83C1A00B819E5 /* Supporting Files */,
			);
			path = "Sharinator-iPhoneTests";
			sourceTree = "<group>";
		};
		48A0CFBF17A83C1A00B819E5 /* Supporting Files */ = {
			isa = PBXGroup;
			children = (
				48A0CFC017A83C1A00B819E5 /* Sharinator-iPhoneTests-Info.plist */,
				48A0CFC117A83C1A00B819E5 /* InfoPlist.strings */,
			);
			name = "Supporting Files";
			sourceTree = "<group>";
		};
		48A0CFD217A99F4900B819E5 /* AFNetworking-AFNetworking-75bd257 */ = {
			isa = PBXGroup;
			children = (
				48A0CFD317A99F4900B819E5 /* .gitignore */,
				48A0CFD417A99F4900B819E5 /* .travis.yml */,
				48A0CFD517A99F4900B819E5 /* AFNetworking */,
				48A0CFE917A99F4900B819E5 /* AFNetworking.podspec */,
				48A0CFEA17A99F4900B819E5 /* AFNetworking.xcworkspace */,
				48A0CFEB17A99F4900B819E5 /* CHANGES */,
				48A0D01417A99F4A00B819E5 /* LICENSE */,
				48A0D01517A99F4A00B819E5 /* Rakefile */,
				48A0D01617A99F4A00B819E5 /* README.md */,
			);
			path = "AFNetworking-AFNetworking-75bd257";
			sourceTree = "<group>";
		};
		48A0CFD517A99F4900B819E5 /* AFNetworking */ = {
			isa = PBXGroup;
			children = (
				48A0CFD617A99F4900B819E5 /* AFHTTPClient.h */,
				48A0CFD717A99F4900B819E5 /* AFHTTPClient.m */,
				48A0CFD817A99F4900B819E5 /* AFHTTPRequestOperation.h */,
				48A0CFD917A99F4900B819E5 /* AFHTTPRequestOperation.m */,
				48A0CFDA17A99F4900B819E5 /* AFImageRequestOperation.h */,
				48A0CFDB17A99F4900B819E5 /* AFImageRequestOperation.m */,
				48A0CFDC17A99F4900B819E5 /* AFJSONRequestOperation.h */,
				48A0CFDD17A99F4900B819E5 /* AFJSONRequestOperation.m */,
				48A0CFDE17A99F4900B819E5 /* AFNetworkActivityIndicatorManager.h */,
				48A0CFDF17A99F4900B819E5 /* AFNetworkActivityIndicatorManager.m */,
				48A0CFE017A99F4900B819E5 /* AFNetworking.h */,
				48A0CFE117A99F4900B819E5 /* AFPropertyListRequestOperation.h */,
				48A0CFE217A99F4900B819E5 /* AFPropertyListRequestOperation.m */,
				48A0CFE317A99F4900B819E5 /* AFURLConnectionOperation.h */,
				48A0CFE417A99F4900B819E5 /* AFURLConnectionOperation.m */,
				48A0CFE517A99F4900B819E5 /* AFXMLRequestOperation.h */,
				48A0CFE617A99F4900B819E5 /* AFXMLRequestOperation.m */,
				48A0CFE717A99F4900B819E5 /* UIImageView+AFNetworking.h */,
				48A0CFE817A99F4900B819E5 /* UIImageView+AFNetworking.m */,
			);
			path = AFNetworking;
			sourceTree = "<group>";
		};
		48A0D07117A99F7400B819E5 /* 3rd Party */ = {
			isa = PBXGroup;
			children = (
				48A0CFD217A99F4900B819E5 /* AFNetworking-AFNetworking-75bd257 */,
			);
			name = "3rd Party";
			sourceTree = "<group>";
		};
		48A0D07217A99FFF00B819E5 /* Value Objects */ = {
			isa = PBXGroup;
			children = (
				48A0D07617A9A08E00B819E5 /* ShariUser.h */,
				48A0D07717A9A08E00B819E5 /* ShariUser.m */,
				48A0D07917A9A94700B819E5 /* ShariSocial.h */,
				48A0D07A17A9A94700B819E5 /* ShariSocial.m */,
			);
			name = "Value Objects";
			sourceTree = "<group>";
		};
		48A0D07C17A9AA3000B819E5 /* API */ = {
			isa = PBXGroup;
			children = (
				48A0D07217A99FFF00B819E5 /* Value Objects */,
				48A0D07D17A9AA6400B819E5 /* ShariConnection.h */,
				48A0D07E17A9AA6400B819E5 /* ShariConnection.m */,
				48A0D08017A9AA7C00B819E5 /* ShariRequest.h */,
				48A0D08117A9AA7C00B819E5 /* ShariRequest.m */,
				48A0D08317A9AA8E00B819E5 /* ShariResponse.h */,
				48A0D08417A9AA8F00B819E5 /* ShariResponse.m */,
				48A0D08617A9AAE100B819E5 /* ShariClient.h */,
				48A0D08717A9AAE100B819E5 /* ShariClient.m */,
			);
			name = API;
			sourceTree = "<group>";
		};
		48A0D08917AA47BD00B819E5 /* VK */ = {
			isa = PBXGroup;
			children = (
				48A0D08A17AA481F00B819E5 /* VKAccessManager.h */,
				48A0D08B17AA481F00B819E5 /* VKAccessManager.m */,
				48A0D08D17AA517700B819E5 /* VKAccessToken.h */,
				48A0D08E17AA517700B819E5 /* VKAccessToken.m */,
			);
			name = VK;
			sourceTree = "<group>";
		};
/* End PBXGroup section */

/* Begin PBXNativeTarget section */
		48A0CF8D17A83C1900B819E5 /* Sharinator-iPhone */ = {
			isa = PBXNativeTarget;
			buildConfigurationList = 48A0CFC917A83C1A00B819E5 /* Build configuration list for PBXNativeTarget "Sharinator-iPhone" */;
			buildPhases = (
				48A0CF8A17A83C1900B819E5 /* Sources */,
				48A0CF8B17A83C1900B819E5 /* Frameworks */,
				48A0CF8C17A83C1900B819E5 /* Resources */,
			);
			buildRules = (
			);
			dependencies = (
			);
			name = "Sharinator-iPhone";
			productName = "Sharinator-iPhone";
			productReference = 48A0CF8E17A83C1900B819E5 /* Sharinator-iPhone.app */;
			productType = "com.apple.product-type.application";
		};
		48A0CFB617A83C1A00B819E5 /* Sharinator-iPhoneTests */ = {
			isa = PBXNativeTarget;
			buildConfigurationList = 48A0CFCC17A83C1A00B819E5 /* Build configuration list for PBXNativeTarget "Sharinator-iPhoneTests" */;
			buildPhases = (
				48A0CFB217A83C1A00B819E5 /* Sources */,
				48A0CFB317A83C1A00B819E5 /* Frameworks */,
				48A0CFB417A83C1A00B819E5 /* Resources */,
				48A0CFB517A83C1A00B819E5 /* ShellScript */,
			);
			buildRules = (
			);
			dependencies = (
				48A0CFBD17A83C1A00B819E5 /* PBXTargetDependency */,
			);
			name = "Sharinator-iPhoneTests";
			productName = "Sharinator-iPhoneTests";
			productReference = 48A0CFB717A83C1A00B819E5 /* Sharinator-iPhoneTests.octest */;
			productType = "com.apple.product-type.bundle";
		};
/* End PBXNativeTarget section */

/* Begin PBXProject section */
		48A0CF8617A83C1900B819E5 /* Project object */ = {
			isa = PBXProject;
			attributes = {
				CLASSPREFIX = DB;
				LastUpgradeCheck = 0460;
				ORGANIZATIONNAME = "Dmitry Burmistrov";
			};
			buildConfigurationList = 48A0CF8917A83C1900B819E5 /* Build configuration list for PBXProject "Sharinator-iPhone" */;
			compatibilityVersion = "Xcode 3.2";
			developmentRegion = English;
			hasScannedForEncodings = 0;
			knownRegions = (
				en,
			);
			mainGroup = 48A0CF8517A83C1900B819E5;
			productRefGroup = 48A0CF8F17A83C1900B819E5 /* Products */;
			projectDirPath = "";
			projectRoot = "";
			targets = (
				48A0CF8D17A83C1900B819E5 /* Sharinator-iPhone */,
				48A0CFB617A83C1A00B819E5 /* Sharinator-iPhoneTests */,
			);
		};
/* End PBXProject section */

/* Begin PBXResourcesBuildPhase section */
		48A0CF8C17A83C1900B819E5 /* Resources */ = {
			isa = PBXResourcesBuildPhase;
			buildActionMask = 2147483647;
			files = (
				48A0CF9C17A83C1A00B819E5 /* InfoPlist.strings in Resources */,
				48A0CFA417A83C1A00B819E5 /* Default.png in Resources */,
				48A0CFA617A83C1A00B819E5 /* Default@2x.png in Resources */,
				48A0CFA817A83C1A00B819E5 /* Default-568h@2x.png in Resources */,
				48A0CFAB17A83C1A00B819E5 /* MainStoryboard_iPhone.storyboard in Resources */,
				48A0D03017A99F4A00B819E5 /* .gitignore in Resources */,
				48A0D03117A99F4A00B819E5 /* .travis.yml in Resources */,
				48A0D03B17A99F4A00B819E5 /* AFNetworking.podspec in Resources */,
				48A0D03C17A99F4A00B819E5 /* AFNetworking.xcworkspace in Resources */,
				48A0D03D17A99F4A00B819E5 /* CHANGES in Resources */,
				48A0D05217A99F4A00B819E5 /* LICENSE in Resources */,
				48A0D05317A99F4A00B819E5 /* Rakefile in Resources */,
				48A0D05417A99F4A00B819E5 /* README.md in Resources */,
			);
			runOnlyForDeploymentPostprocessing = 0;
		};
		48A0CFB417A83C1A00B819E5 /* Resources */ = {
			isa = PBXResourcesBuildPhase;
			buildActionMask = 2147483647;
			files = (
				48A0CFC317A83C1A00B819E5 /* InfoPlist.strings in Resources */,
			);
			runOnlyForDeploymentPostprocessing = 0;
		};
/* End PBXResourcesBuildPhase section */

/* Begin PBXShellScriptBuildPhase section */
		48A0CFB517A83C1A00B819E5 /* ShellScript */ = {
			isa = PBXShellScriptBuildPhase;
			buildActionMask = 2147483647;
			files = (
			);
			inputPaths = (
			);
			outputPaths = (
			);
			runOnlyForDeploymentPostprocessing = 0;
			shellPath = /bin/sh;
			shellScript = "# Run the unit tests in this test bundle.\n\"${SYSTEM_DEVELOPER_DIR}/Tools/RunUnitTests\"\n";
		};
/* End PBXShellScriptBuildPhase section */

/* Begin PBXSourcesBuildPhase section */
		48A0CF8A17A83C1900B819E5 /* Sources */ = {
			isa = PBXSourcesBuildPhase;
			buildActionMask = 2147483647;
			files = (
				48A0CF9E17A83C1A00B819E5 /* main.m in Sources */,
				48A0CFA217A83C1A00B819E5 /* DBAppDelegate.m in Sources */,
				48A0CFD117A846B900B819E5 /* DBvkLoginVC.m in Sources */,
				48A0D03217A99F4A00B819E5 /* AFHTTPClient.m in Sources */,
				48A0D03317A99F4A00B819E5 /* AFHTTPRequestOperation.m in Sources */,
				48A0D03417A99F4A00B819E5 /* AFImageRequestOperation.m in Sources */,
				48A0D03517A99F4A00B819E5 /* AFJSONRequestOperation.m in Sources */,
				48A0D03617A99F4A00B819E5 /* AFNetworkActivityIndicatorManager.m in Sources */,
				48A0D03717A99F4A00B819E5 /* AFPropertyListRequestOperation.m in Sources */,
				48A0D03817A99F4A00B819E5 /* AFURLConnectionOperation.m in Sources */,
				48A0D03917A99F4A00B819E5 /* AFXMLRequestOperation.m in Sources */,
				48A0D03A17A99F4A00B819E5 /* UIImageView+AFNetworking.m in Sources */,
				48A0D07817A9A08E00B819E5 /* ShariUser.m in Sources */,
				48A0D07B17A9A94800B819E5 /* ShariSocial.m in Sources */,
				48A0D07F17A9AA6400B819E5 /* ShariConnection.m in Sources */,
				48A0D08217A9AA7C00B819E5 /* ShariRequest.m in Sources */,
				48A0D08517A9AA8F00B819E5 /* ShariResponse.m in Sources */,
				48A0D08817A9AAE200B819E5 /* ShariClient.m in Sources */,
				48A0D08C17AA482000B819E5 /* VKAccessManager.m in Sources */,
				48A0D08F17AA517700B819E5 /* VKAccessToken.m in Sources */,
			);
			runOnlyForDeploymentPostprocessing = 0;
		};
		48A0CFB217A83C1A00B819E5 /* Sources */ = {
			isa = PBXSourcesBuildPhase;
			buildActionMask = 2147483647;
			files = (
				48A0CFC617A83C1A00B819E5 /* Sharinator_iPhoneTests.m in Sources */,
			);
			runOnlyForDeploymentPostprocessing = 0;
		};
/* End PBXSourcesBuildPhase section */

/* Begin PBXTargetDependency section */
		48A0CFBD17A83C1A00B819E5 /* PBXTargetDependency */ = {
			isa = PBXTargetDependency;
			target = 48A0CF8D17A83C1900B819E5 /* Sharinator-iPhone */;
			targetProxy = 48A0CFBC17A83C1A00B819E5 /* PBXContainerItemProxy */;
		};
/* End PBXTargetDependency section */

/* Begin PBXVariantGroup section */
		48A0CF9A17A83C1A00B819E5 /* InfoPlist.strings */ = {
			isa = PBXVariantGroup;
			children = (
				48A0CF9B17A83C1A00B819E5 /* en */,
			);
			name = InfoPlist.strings;
			sourceTree = "<group>";
		};
		48A0CFA917A83C1A00B819E5 /* MainStoryboard_iPhone.storyboard */ = {
			isa = PBXVariantGroup;
			children = (
				48A0CFAA17A83C1A00B819E5 /* en */,
			);
			name = MainStoryboard_iPhone.storyboard;
			sourceTree = "<group>";
		};
		48A0CFC117A83C1A00B819E5 /* InfoPlist.strings */ = {
			isa = PBXVariantGroup;
			children = (
				48A0CFC217A83C1A00B819E5 /* en */,
			);
			name = InfoPlist.strings;
			sourceTree = "<group>";
		};
/* End PBXVariantGroup section */

/* Begin XCBuildConfiguration section */
		48A0CFC717A83C1A00B819E5 /* Debug */ = {
			isa = XCBuildConfiguration;
			buildSettings = {
				ALWAYS_SEARCH_USER_PATHS = NO;
				CLANG_CXX_LANGUAGE_STANDARD = "gnu++0x";
				CLANG_CXX_LIBRARY = "libc++";
				CLANG_ENABLE_OBJC_ARC = YES;
				CLANG_WARN_CONSTANT_CONVERSION = YES;
				CLANG_WARN_EMPTY_BODY = YES;
				CLANG_WARN_ENUM_CONVERSION = YES;
				CLANG_WARN_INT_CONVERSION = YES;
				CLANG_WARN__DUPLICATE_METHOD_MATCH = YES;
				"CODE_SIGN_IDENTITY[sdk=iphoneos*]" = "iPhone Developer";
				COPY_PHASE_STRIP = NO;
				GCC_C_LANGUAGE_STANDARD = gnu99;
				GCC_DYNAMIC_NO_PIC = NO;
				GCC_OPTIMIZATION_LEVEL = 0;
				GCC_PREPROCESSOR_DEFINITIONS = (
					"DEBUG=1",
					"$(inherited)",
				);
				GCC_SYMBOLS_PRIVATE_EXTERN = NO;
				GCC_WARN_ABOUT_RETURN_TYPE = YES;
				GCC_WARN_UNINITIALIZED_AUTOS = YES;
				GCC_WARN_UNUSED_VARIABLE = YES;
				IPHONEOS_DEPLOYMENT_TARGET = 6.1;
				ONLY_ACTIVE_ARCH = YES;
				SDKROOT = iphoneos;
				TARGETED_DEVICE_FAMILY = "1,2";
			};
			name = Debug;
		};
		48A0CFC817A83C1A00B819E5 /* Release */ = {
			isa = XCBuildConfiguration;
			buildSettings = {
				ALWAYS_SEARCH_USER_PATHS = NO;
				CLANG_CXX_LANGUAGE_STANDARD = "gnu++0x";
				CLANG_CXX_LIBRARY = "libc++";
				CLANG_ENABLE_OBJC_ARC = YES;
				CLANG_WARN_CONSTANT_CONVERSION = YES;
				CLANG_WARN_EMPTY_BODY = YES;
				CLANG_WARN_ENUM_CONVERSION = YES;
				CLANG_WARN_INT_CONVERSION = YES;
				CLANG_WARN__DUPLICATE_METHOD_MATCH = YES;
				"CODE_SIGN_IDENTITY[sdk=iphoneos*]" = "iPhone Developer";
				COPY_PHASE_STRIP = YES;
				GCC_C_LANGUAGE_STANDARD = gnu99;
				GCC_WARN_ABOUT_RETURN_TYPE = YES;
				GCC_WARN_UNINITIALIZED_AUTOS = YES;
				GCC_WARN_UNUSED_VARIABLE = YES;
				IPHONEOS_DEPLOYMENT_TARGET = 6.1;
				OTHER_CFLAGS = "-DNS_BLOCK_ASSERTIONS=1";
				SDKROOT = iphoneos;
				TARGETED_DEVICE_FAMILY = "1,2";
				VALIDATE_PRODUCT = YES;
			};
			name = Release;
		};
		48A0CFCA17A83C1A00B819E5 /* Debug */ = {
			isa = XCBuildConfiguration;
			buildSettings = {
				GCC_PRECOMPILE_PREFIX_HEADER = YES;
				GCC_PREFIX_HEADER = "Sharinator-iPhone/Sharinator-iPhone-Prefix.pch";
				INFOPLIST_FILE = "Sharinator-iPhone/Sharinator-iPhone-Info.plist";
				PRODUCT_NAME = "$(TARGET_NAME)";
				WRAPPER_EXTENSION = app;
			};
			name = Debug;
		};
		48A0CFCB17A83C1A00B819E5 /* Release */ = {
			isa = XCBuildConfiguration;
			buildSettings = {
				GCC_PRECOMPILE_PREFIX_HEADER = YES;
				GCC_PREFIX_HEADER = "Sharinator-iPhone/Sharinator-iPhone-Prefix.pch";
				INFOPLIST_FILE = "Sharinator-iPhone/Sharinator-iPhone-Info.plist";
				PRODUCT_NAME = "$(TARGET_NAME)";
				WRAPPER_EXTENSION = app;
			};
			name = Release;
		};
		48A0CFCD17A83C1A00B819E5 /* Debug */ = {
			isa = XCBuildConfiguration;
			buildSettings = {
				BUNDLE_LOADER = "$(BUILT_PRODUCTS_DIR)/Sharinator-iPhone.app/Sharinator-iPhone";
				FRAMEWORK_SEARCH_PATHS = (
					"\"$(SDKROOT)/Developer/Library/Frameworks\"",
					"\"$(DEVELOPER_LIBRARY_DIR)/Frameworks\"",
				);
				GCC_PRECOMPILE_PREFIX_HEADER = YES;
				GCC_PREFIX_HEADER = "Sharinator-iPhone/Sharinator-iPhone-Prefix.pch";
				INFOPLIST_FILE = "Sharinator-iPhoneTests/Sharinator-iPhoneTests-Info.plist";
				PRODUCT_NAME = "$(TARGET_NAME)";
				TEST_HOST = "$(BUNDLE_LOADER)";
				WRAPPER_EXTENSION = octest;
			};
			name = Debug;
		};
		48A0CFCE17A83C1A00B819E5 /* Release */ = {
			isa = XCBuildConfiguration;
			buildSettings = {
				BUNDLE_LOADER = "$(BUILT_PRODUCTS_DIR)/Sharinator-iPhone.app/Sharinator-iPhone";
				FRAMEWORK_SEARCH_PATHS = (
					"\"$(SDKROOT)/Developer/Library/Frameworks\"",
					"\"$(DEVELOPER_LIBRARY_DIR)/Frameworks\"",
				);
				GCC_PRECOMPILE_PREFIX_HEADER = YES;
				GCC_PREFIX_HEADER = "Sharinator-iPhone/Sharinator-iPhone-Prefix.pch";
				INFOPLIST_FILE = "Sharinator-iPhoneTests/Sharinator-iPhoneTests-Info.plist";
				PRODUCT_NAME = "$(TARGET_NAME)";
				TEST_HOST = "$(BUNDLE_LOADER)";
				WRAPPER_EXTENSION = octest;
			};
			name = Release;
		};
/* End XCBuildConfiguration section */

/* Begin XCConfigurationList section */
		48A0CF8917A83C1900B819E5 /* Build configuration list for PBXProject "Sharinator-iPhone" */ = {
			isa = XCConfigurationList;
			buildConfigurations = (
				48A0CFC717A83C1A00B819E5 /* Debug */,
				48A0CFC817A83C1A00B819E5 /* Release */,
			);
			defaultConfigurationIsVisible = 0;
			defaultConfigurationName = Release;
		};
		48A0CFC917A83C1A00B819E5 /* Build configuration list for PBXNativeTarget "Sharinator-iPhone" */ = {
			isa = XCConfigurationList;
			buildConfigurations = (
				48A0CFCA17A83C1A00B819E5 /* Debug */,
				48A0CFCB17A83C1A00B819E5 /* Release */,
			);
			defaultConfigurationIsVisible = 0;
			defaultConfigurationName = Release;
		};
		48A0CFCC17A83C1A00B819E5 /* Build configuration list for PBXNativeTarget "Sharinator-iPhoneTests" */ = {
			isa = XCConfigurationList;
			buildConfigurations = (
				48A0CFCD17A83C1A00B819E5 /* Debug */,
				48A0CFCE17A83C1A00B819E5 /* Release */,
			);
			defaultConfigurationIsVisible = 0;
			defaultConfigurationName = Release;
		};
/* End XCConfigurationList section */
	};
	rootObject = 48A0CF8617A83C1900B819E5 /* Project object */;
}
